// !$*UTF8*$!
{
	archiveVersion = 1;
	classes = {
	};
	objectVersion = 48;
	objects = {

/* Begin PBXBuildFile section */
		BC31D93A204563A600B3C58D /* AppDelegate.mm in Sources */ = {isa = PBXBuildFile; fileRef = BC31D939204563A600B3C58D /* AppDelegate.mm */; };
		BC31D942204563A600B3C58D /* Assets.xcassets in Resources */ = {isa = PBXBuildFile; fileRef = BC31D941204563A600B3C58D /* Assets.xcassets */; };
		BC31D948204563A600B3C58D /* main.m in Sources */ = {isa = PBXBuildFile; fileRef = BC31D947204563A600B3C58D /* main.m */; };
		BC558A7C20464327001428C6 /* Accelerate.framework in Frameworks */ = {isa = PBXBuildFile; fileRef = BC558A7B20464327001428C6 /* Accelerate.framework */; };
		BC558A7E2046432E001428C6 /* Foundation.framework in Frameworks */ = {isa = PBXBuildFile; fileRef = BC558A7D2046432E001428C6 /* Foundation.framework */; };
		BC558A802046433A001428C6 /* UIKit.framework in Frameworks */ = {isa = PBXBuildFile; fileRef = BC558A7F2046433A001428C6 /* UIKit.framework */; };
		BC558A8220464341001428C6 /* SystemConfiguration.framework in Frameworks */ = {isa = PBXBuildFile; fileRef = BC558A8120464341001428C6 /* SystemConfiguration.framework */; };
		BC558A842046434A001428C6 /* Security.framework in Frameworks */ = {isa = PBXBuildFile; fileRef = BC558A832046434A001428C6 /* Security.framework */; };
		BC558A8620464354001428C6 /* AVFoundation.framework in Frameworks */ = {isa = PBXBuildFile; fileRef = BC558A8520464354001428C6 /* AVFoundation.framework */; };
		BC558A882046436B001428C6 /* CoreMedia.framework in Frameworks */ = {isa = PBXBuildFile; fileRef = BC558A872046436B001428C6 /* CoreMedia.framework */; };
		BC558A8A20464378001428C6 /* CoreVideo.framework in Frameworks */ = {isa = PBXBuildFile; fileRef = BC558A8920464378001428C6 /* CoreVideo.framework */; };
		BC558A8C20464381001428C6 /* CFNetwork.framework in Frameworks */ = {isa = PBXBuildFile; fileRef = BC558A8B20464381001428C6 /* CFNetwork.framework */; };
		BC558A8E204643A3001428C6 /* MobileCoreServices.framework in Frameworks */ = {isa = PBXBuildFile; fileRef = BC558A8D204643A2001428C6 /* MobileCoreServices.framework */; };
		BC558A9820464417001428C6 /* face.dat in Resources */ = {isa = PBXBuildFile; fileRef = BC558A9620464417001428C6 /* face.dat */; };
		BC558AA320464643001428C6 /* photography_face-detection-180.png in Resources */ = {isa = PBXBuildFile; fileRef = BC558AA220464643001428C6 /* photography_face-detection-180.png */; };
		BC558AA62046466C001428C6 /* ViewController.m in Sources */ = {isa = PBXBuildFile; fileRef = BC558AA52046466C001428C6 /* ViewController.m */; };
		BC558AAB20464681001428C6 /* LaunchScreen.storyboard in Resources */ = {isa = PBXBuildFile; fileRef = BC558AA720464681001428C6 /* LaunchScreen.storyboard */; };
		BC558AAC20464681001428C6 /* Main.storyboard in Resources */ = {isa = PBXBuildFile; fileRef = BC558AA920464681001428C6 /* Main.storyboard */; };
		BC558B042046794A001428C6 /* faceSDK.h in Headers */ = {isa = PBXBuildFile; fileRef = BC558B022046794A001428C6 /* faceSDK.h */; settings = {ATTRIBUTES = (Public, ); }; };
		BC558B072046794A001428C6 /* faceSDK.framework in Frameworks */ = {isa = PBXBuildFile; fileRef = BC558B002046794A001428C6 /* faceSDK.framework */; };
		BC558B082046794A001428C6 /* faceSDK.framework in Embed Frameworks */ = {isa = PBXBuildFile; fileRef = BC558B002046794A001428C6 /* faceSDK.framework */; settings = {ATTRIBUTES = (CodeSignOnCopy, RemoveHeadersOnCopy, ); }; };
		BC558B0D204679A7001428C6 /* FDFramework.framework in Frameworks */ = {isa = PBXBuildFile; fileRef = BC558A90204643E7001428C6 /* FDFramework.framework */; };
		BC558B0E204679A7001428C6 /* KYFaceCompare.framework in Frameworks */ = {isa = PBXBuildFile; fileRef = BC558A91204643E7001428C6 /* KYFaceCompare.framework */; };
		BC558B0F204679B8001428C6 /* MobileCoreServices.framework in Frameworks */ = {isa = PBXBuildFile; fileRef = BC558A8D204643A2001428C6 /* MobileCoreServices.framework */; };
		BC558B10204679BF001428C6 /* CFNetwork.framework in Frameworks */ = {isa = PBXBuildFile; fileRef = BC558A8B20464381001428C6 /* CFNetwork.framework */; };
		BC558B11204679CB001428C6 /* CoreVideo.framework in Frameworks */ = {isa = PBXBuildFile; fileRef = BC558A8920464378001428C6 /* CoreVideo.framework */; };
		BC558B12204679D5001428C6 /* CoreMedia.framework in Frameworks */ = {isa = PBXBuildFile; fileRef = BC558A872046436B001428C6 /* CoreMedia.framework */; };
		BC558B13204679DE001428C6 /* AVFoundation.framework in Frameworks */ = {isa = PBXBuildFile; fileRef = BC558A8520464354001428C6 /* AVFoundation.framework */; };
		BC558B14204679E5001428C6 /* Security.framework in Frameworks */ = {isa = PBXBuildFile; fileRef = BC558A832046434A001428C6 /* Security.framework */; };
		BC558B15204679ED001428C6 /* SystemConfiguration.framework in Frameworks */ = {isa = PBXBuildFile; fileRef = BC558A8120464341001428C6 /* SystemConfiguration.framework */; };
		BC558B16204679FC001428C6 /* UIKit.framework in Frameworks */ = {isa = PBXBuildFile; fileRef = BC558A7F2046433A001428C6 /* UIKit.framework */; };
		BC558B1720467A14001428C6 /* Foundation.framework in Frameworks */ = {isa = PBXBuildFile; fileRef = BC558A7D2046432E001428C6 /* Foundation.framework */; };
		BC558B1820467A19001428C6 /* Accelerate.framework in Frameworks */ = {isa = PBXBuildFile; fileRef = BC558A7B20464327001428C6 /* Accelerate.framework */; };
		BC558B1920467A2F001428C6 /* BCFaceSDK.h in Headers */ = {isa = PBXBuildFile; fileRef = BC558AD420465A77001428C6 /* BCFaceSDK.h */; settings = {ATTRIBUTES = (Public, ); }; };
		BC558B1A20467A32001428C6 /* BCFaceSDK.mm in Sources */ = {isa = PBXBuildFile; fileRef = BC558AD320465A77001428C6 /* BCFaceSDK.mm */; };
		BC558B1B20467A37001428C6 /* KYFaceViewController.h in Headers */ = {isa = PBXBuildFile; fileRef = BC558AD220465A77001428C6 /* KYFaceViewController.h */; settings = {ATTRIBUTES = (Public, ); }; };
		BC558B1C20467A40001428C6 /* KYFaceViewController.m in Sources */ = {isa = PBXBuildFile; fileRef = BC558AD120465A77001428C6 /* KYFaceViewController.m */; };
		BC558B1D20467A49001428C6 /* KYFaceAnimationView.h in Headers */ = {isa = PBXBuildFile; fileRef = BC558ACB2046579B001428C6 /* KYFaceAnimationView.h */; };
		BC558B1E20467A4D001428C6 /* KYFaceDetectorErrorView.h in Headers */ = {isa = PBXBuildFile; fileRef = BC558ACD2046579B001428C6 /* KYFaceDetectorErrorView.h */; };
		BC558B1F20467A54001428C6 /* KYFaceAnimationView.m in Sources */ = {isa = PBXBuildFile; fileRef = BC558AC92046579A001428C6 /* KYFaceAnimationView.m */; };
		BC558B2020467A58001428C6 /* KYFaceDetectorErrorView.m in Sources */ = {isa = PBXBuildFile; fileRef = BC558ACC2046579B001428C6 /* KYFaceDetectorErrorView.m */; };
		BC558B2120467AA5001428C6 /* Assets.xcassets in Resources */ = {isa = PBXBuildFile; fileRef = BC31D941204563A600B3C58D /* Assets.xcassets */; };
/* End PBXBuildFile section */

/* Begin PBXContainerItemProxy section */
		BC558B052046794A001428C6 /* PBXContainerItemProxy */ = {
			isa = PBXContainerItemProxy;
			containerPortal = BC31D92D204563A600B3C58D /* Project object */;
			proxyType = 1;
			remoteGlobalIDString = BC558AFF2046794A001428C6;
			remoteInfo = faceSDK;
		};
/* End PBXContainerItemProxy section */

/* Begin PBXCopyFilesBuildPhase section */
		BC558B0C2046794A001428C6 /* Embed Frameworks */ = {
			isa = PBXCopyFilesBuildPhase;
			buildActionMask = 2147483647;
			dstPath = "";
			dstSubfolderSpec = 10;
			files = (
				BC558B082046794A001428C6 /* faceSDK.framework in Embed Frameworks */,
			);
			name = "Embed Frameworks";
			runOnlyForDeploymentPostprocessing = 0;
		};
/* End PBXCopyFilesBuildPhase section */

/* Begin PBXFileReference section */
		BC31D935204563A600B3C58D /* BCFaceSDKDemo.app */ = {isa = PBXFileReference; explicitFileType = wrapper.application; includeInIndex = 0; path = BCFaceSDKDemo.app; sourceTree = BUILT_PRODUCTS_DIR; };
		BC31D938204563A600B3C58D /* AppDelegate.h */ = {isa = PBXFileReference; lastKnownFileType = sourcecode.c.h; path = AppDelegate.h; sourceTree = "<group>"; };
		BC31D939204563A600B3C58D /* AppDelegate.mm */ = {isa = PBXFileReference; lastKnownFileType = sourcecode.cpp.objcpp; path = AppDelegate.mm; sourceTree = "<group>"; };
		BC31D941204563A600B3C58D /* Assets.xcassets */ = {isa = PBXFileReference; lastKnownFileType = folder.assetcatalog; path = Assets.xcassets; sourceTree = "<group>"; };
		BC31D946204563A600B3C58D /* Info.plist */ = {isa = PBXFileReference; lastKnownFileType = text.plist.xml; path = Info.plist; sourceTree = "<group>"; };
		BC31D947204563A600B3C58D /* main.m */ = {isa = PBXFileReference; lastKnownFileType = sourcecode.c.objc; path = main.m; sourceTree = "<group>"; };
		BC558A7B20464327001428C6 /* Accelerate.framework */ = {isa = PBXFileReference; lastKnownFileType = wrapper.framework; name = Accelerate.framework; path = System/Library/Frameworks/Accelerate.framework; sourceTree = SDKROOT; };
		BC558A7D2046432E001428C6 /* Foundation.framework */ = {isa = PBXFileReference; lastKnownFileType = wrapper.framework; name = Foundation.framework; path = System/Library/Frameworks/Foundation.framework; sourceTree = SDKROOT; };
		BC558A7F2046433A001428C6 /* UIKit.framework */ = {isa = PBXFileReference; lastKnownFileType = wrapper.framework; name = UIKit.framework; path = System/Library/Frameworks/UIKit.framework; sourceTree = SDKROOT; };
		BC558A8120464341001428C6 /* SystemConfiguration.framework */ = {isa = PBXFileReference; lastKnownFileType = wrapper.framework; name = SystemConfiguration.framework; path = System/Library/Frameworks/SystemConfiguration.framework; sourceTree = SDKROOT; };
		BC558A832046434A001428C6 /* Security.framework */ = {isa = PBXFileReference; lastKnownFileType = wrapper.framework; name = Security.framework; path = System/Library/Frameworks/Security.framework; sourceTree = SDKROOT; };
		BC558A8520464354001428C6 /* AVFoundation.framework */ = {isa = PBXFileReference; lastKnownFileType = wrapper.framework; name = AVFoundation.framework; path = System/Library/Frameworks/AVFoundation.framework; sourceTree = SDKROOT; };
		BC558A872046436B001428C6 /* CoreMedia.framework */ = {isa = PBXFileReference; lastKnownFileType = wrapper.framework; name = CoreMedia.framework; path = System/Library/Frameworks/CoreMedia.framework; sourceTree = SDKROOT; };
		BC558A8920464378001428C6 /* CoreVideo.framework */ = {isa = PBXFileReference; lastKnownFileType = wrapper.framework; name = CoreVideo.framework; path = System/Library/Frameworks/CoreVideo.framework; sourceTree = SDKROOT; };
		BC558A8B20464381001428C6 /* CFNetwork.framework */ = {isa = PBXFileReference; lastKnownFileType = wrapper.framework; name = CFNetwork.framework; path = System/Library/Frameworks/CFNetwork.framework; sourceTree = SDKROOT; };
		BC558A8D204643A2001428C6 /* MobileCoreServices.framework */ = {isa = PBXFileReference; lastKnownFileType = wrapper.framework; name = MobileCoreServices.framework; path = System/Library/Frameworks/MobileCoreServices.framework; sourceTree = SDKROOT; };
		BC558A90204643E7001428C6 /* FDFramework.framework */ = {isa = PBXFileReference; lastKnownFileType = wrapper.framework; path = FDFramework.framework; sourceTree = "<group>"; };
		BC558A91204643E7001428C6 /* KYFaceCompare.framework */ = {isa = PBXFileReference; lastKnownFileType = wrapper.framework; path = KYFaceCompare.framework; sourceTree = "<group>"; };
		BC558A9620464417001428C6 /* face.dat */ = {isa = PBXFileReference; lastKnownFileType = file; path = face.dat; sourceTree = "<group>"; };
		BC558AA220464643001428C6 /* photography_face-detection-180.png */ = {isa = PBXFileReference; lastKnownFileType = image.png; name = "photography_face-detection-180.png"; path = "../../FaceDetectionDemo/FaceDetectionDemo/photography_face-detection-180.png"; sourceTree = "<group>"; };
		BC558AA42046466C001428C6 /* ViewController.h */ = {isa = PBXFileReference; fileEncoding = 4; lastKnownFileType = sourcecode.c.h; name = ViewController.h; path = ../../FaceDetectionDemo/FaceDetectionDemo/ViewController.h; sourceTree = "<group>"; };
		BC558AA52046466C001428C6 /* ViewController.m */ = {isa = PBXFileReference; fileEncoding = 4; lastKnownFileType = sourcecode.c.objc; name = ViewController.m; path = ../../FaceDetectionDemo/FaceDetectionDemo/ViewController.m; sourceTree = "<group>"; };
		BC558AA820464681001428C6 /* Base */ = {isa = PBXFileReference; lastKnownFileType = file.storyboard; name = Base; path = ../../FaceDetectionDemo/FaceDetectionDemo/Base.lproj/LaunchScreen.storyboard; sourceTree = "<group>"; };
		BC558AAA20464681001428C6 /* Base */ = {isa = PBXFileReference; lastKnownFileType = file.storyboard; name = Base; path = ../../FaceDetectionDemo/FaceDetectionDemo/Base.lproj/Main.storyboard; sourceTree = "<group>"; };
		BC558AC92046579A001428C6 /* KYFaceAnimationView.m */ = {isa = PBXFileReference; fileEncoding = 4; lastKnownFileType = sourcecode.c.objc; path = KYFaceAnimationView.m; sourceTree = "<group>"; };
		BC558ACB2046579B001428C6 /* KYFaceAnimationView.h */ = {isa = PBXFileReference; fileEncoding = 4; lastKnownFileType = sourcecode.c.h; path = KYFaceAnimationView.h; sourceTree = "<group>"; };
		BC558ACC2046579B001428C6 /* KYFaceDetectorErrorView.m */ = {isa = PBXFileReference; fileEncoding = 4; lastKnownFileType = sourcecode.c.objc; path = KYFaceDetectorErrorView.m; sourceTree = "<group>"; };
		BC558ACD2046579B001428C6 /* KYFaceDetectorErrorView.h */ = {isa = PBXFileReference; fileEncoding = 4; lastKnownFileType = sourcecode.c.h; path = KYFaceDetectorErrorView.h; sourceTree = "<group>"; };
		BC558AD120465A77001428C6 /* KYFaceViewController.m */ = {isa = PBXFileReference; fileEncoding = 4; lastKnownFileType = sourcecode.c.objc; name = KYFaceViewController.m; path = public/KYFaceViewController.m; sourceTree = "<group>"; };
		BC558AD220465A77001428C6 /* KYFaceViewController.h */ = {isa = PBXFileReference; fileEncoding = 4; lastKnownFileType = sourcecode.c.h; name = KYFaceViewController.h; path = public/KYFaceViewController.h; sourceTree = "<group>"; };
		BC558AD320465A77001428C6 /* BCFaceSDK.mm */ = {isa = PBXFileReference; fileEncoding = 4; lastKnownFileType = sourcecode.cpp.objcpp; name = BCFaceSDK.mm; path = public/BCFaceSDK.mm; sourceTree = "<group>"; };
		BC558AD420465A77001428C6 /* BCFaceSDK.h */ = {isa = PBXFileReference; fileEncoding = 4; lastKnownFileType = sourcecode.c.h; name = BCFaceSDK.h; path = public/BCFaceSDK.h; sourceTree = "<group>"; };
		BC558B002046794A001428C6 /* faceSDK.framework */ = {isa = PBXFileReference; explicitFileType = wrapper.framework; includeInIndex = 0; path = faceSDK.framework; sourceTree = BUILT_PRODUCTS_DIR; };
		BC558B022046794A001428C6 /* faceSDK.h */ = {isa = PBXFileReference; lastKnownFileType = sourcecode.c.h; path = faceSDK.h; sourceTree = "<group>"; };
		BC558B032046794A001428C6 /* Info.plist */ = {isa = PBXFileReference; lastKnownFileType = text.plist.xml; path = Info.plist; sourceTree = "<group>"; };
/* End PBXFileReference section */

/* Begin PBXFrameworksBuildPhase section */
		BC31D932204563A600B3C58D /* Frameworks */ = {
			isa = PBXFrameworksBuildPhase;
			buildActionMask = 2147483647;
			files = (
				BC558A8E204643A3001428C6 /* MobileCoreServices.framework in Frameworks */,
				BC558A8C20464381001428C6 /* CFNetwork.framework in Frameworks */,
				BC558A8A20464378001428C6 /* CoreVideo.framework in Frameworks */,
				BC558A882046436B001428C6 /* CoreMedia.framework in Frameworks */,
				BC558A8620464354001428C6 /* AVFoundation.framework in Frameworks */,
				BC558A842046434A001428C6 /* Security.framework in Frameworks */,
				BC558A8220464341001428C6 /* SystemConfiguration.framework in Frameworks */,
				BC558B072046794A001428C6 /* faceSDK.framework in Frameworks */,
				BC558A802046433A001428C6 /* UIKit.framework in Frameworks */,
				BC558A7E2046432E001428C6 /* Foundation.framework in Frameworks */,
				BC558A7C20464327001428C6 /* Accelerate.framework in Frameworks */,
			);
			runOnlyForDeploymentPostprocessing = 0;
		};
		BC558AFC2046794A001428C6 /* Frameworks */ = {
			isa = PBXFrameworksBuildPhase;
			buildActionMask = 2147483647;
			files = (
				BC558B1820467A19001428C6 /* Accelerate.framework in Frameworks */,
				BC558B1720467A14001428C6 /* Foundation.framework in Frameworks */,
				BC558B16204679FC001428C6 /* UIKit.framework in Frameworks */,
				BC558B15204679ED001428C6 /* SystemConfiguration.framework in Frameworks */,
				BC558B14204679E5001428C6 /* Security.framework in Frameworks */,
				BC558B13204679DE001428C6 /* AVFoundation.framework in Frameworks */,
				BC558B12204679D5001428C6 /* CoreMedia.framework in Frameworks */,
				BC558B11204679CB001428C6 /* CoreVideo.framework in Frameworks */,
				BC558B10204679BF001428C6 /* CFNetwork.framework in Frameworks */,
				BC558B0F204679B8001428C6 /* MobileCoreServices.framework in Frameworks */,
				BC558B0D204679A7001428C6 /* FDFramework.framework in Frameworks */,
				BC558B0E204679A7001428C6 /* KYFaceCompare.framework in Frameworks */,
			);
			runOnlyForDeploymentPostprocessing = 0;
		};
/* End PBXFrameworksBuildPhase section */

/* Begin PBXGroup section */
		BC31D92C204563A600B3C58D = {
			isa = PBXGroup;
			children = (
				BC31D937204563A600B3C58D /* BCFaceSDKDemo */,
				BC558B012046794A001428C6 /* faceSDK */,
				BC31D936204563A600B3C58D /* Products */,
				BC558A7A20464327001428C6 /* Frameworks */,
			);
			sourceTree = "<group>";
		};
		BC31D936204563A600B3C58D /* Products */ = {
			isa = PBXGroup;
			children = (
				BC31D935204563A600B3C58D /* BCFaceSDKDemo.app */,
				BC558B002046794A001428C6 /* faceSDK.framework */,
			);
			name = Products;
			sourceTree = "<group>";
		};
		BC31D937204563A600B3C58D /* BCFaceSDKDemo */ = {
			isa = PBXGroup;
			children = (
				BC558A8F204643B4001428C6 /* SDK */,
				BC31D938204563A600B3C58D /* AppDelegate.h */,
				BC31D939204563A600B3C58D /* AppDelegate.mm */,
				BC558AA42046466C001428C6 /* ViewController.h */,
				BC558AA52046466C001428C6 /* ViewController.m */,
				BC558AA720464681001428C6 /* LaunchScreen.storyboard */,
				BC558AA920464681001428C6 /* Main.storyboard */,
				BC558AA220464643001428C6 /* photography_face-detection-180.png */,
				BC31D941204563A600B3C58D /* Assets.xcassets */,
				BC31D946204563A600B3C58D /* Info.plist */,
				BC31D947204563A600B3C58D /* main.m */,
			);
			path = BCFaceSDKDemo;
			sourceTree = "<group>";
		};
		BC558A7A20464327001428C6 /* Frameworks */ = {
			isa = PBXGroup;
			children = (
				BC558A8D204643A2001428C6 /* MobileCoreServices.framework */,
				BC558A8B20464381001428C6 /* CFNetwork.framework */,
				BC558A8920464378001428C6 /* CoreVideo.framework */,
				BC558A872046436B001428C6 /* CoreMedia.framework */,
				BC558A8520464354001428C6 /* AVFoundation.framework */,
				BC558A832046434A001428C6 /* Security.framework */,
				BC558A8120464341001428C6 /* SystemConfiguration.framework */,
				BC558A7F2046433A001428C6 /* UIKit.framework */,
				BC558A7D2046432E001428C6 /* Foundation.framework */,
				BC558A7B20464327001428C6 /* Accelerate.framework */,
			);
			name = Frameworks;
			sourceTree = "<group>";
		};
		BC558A8F204643B4001428C6 /* SDK */ = {
			isa = PBXGroup;
			children = (
				BC558AD420465A77001428C6 /* BCFaceSDK.h */,
				BC558AD320465A77001428C6 /* BCFaceSDK.mm */,
				BC558AD220465A77001428C6 /* KYFaceViewController.h */,
				BC558AD120465A77001428C6 /* KYFaceViewController.m */,
				BC558ACB2046579B001428C6 /* KYFaceAnimationView.h */,
				BC558AC92046579A001428C6 /* KYFaceAnimationView.m */,
				BC558ACD2046579B001428C6 /* KYFaceDetectorErrorView.h */,
				BC558ACC2046579B001428C6 /* KYFaceDetectorErrorView.m */,
				BC558A9620464417001428C6 /* face.dat */,
				BC558A90204643E7001428C6 /* FDFramework.framework */,
				BC558A91204643E7001428C6 /* KYFaceCompare.framework */,
			);
			path = SDK;
			sourceTree = "<group>";
		};
		BC558B012046794A001428C6 /* faceSDK */ = {
			isa = PBXGroup;
			children = (
				BC558B022046794A001428C6 /* faceSDK.h */,
				BC558B032046794A001428C6 /* Info.plist */,
			);
			path = faceSDK;
			sourceTree = "<group>";
		};
/* End PBXGroup section */

/* Begin PBXHeadersBuildPhase section */
		BC558AFD2046794A001428C6 /* Headers */ = {
			isa = PBXHeadersBuildPhase;
			buildActionMask = 2147483647;
			files = (
				BC558B042046794A001428C6 /* faceSDK.h in Headers */,
				BC558B1920467A2F001428C6 /* BCFaceSDK.h in Headers */,
				BC558B1B20467A37001428C6 /* KYFaceViewController.h in Headers */,
				BC558B1D20467A49001428C6 /* KYFaceAnimationView.h in Headers */,
				BC558B1E20467A4D001428C6 /* KYFaceDetectorErrorView.h in Headers */,
			);
			runOnlyForDeploymentPostprocessing = 0;
		};
/* End PBXHeadersBuildPhase section */

/* Begin PBXNativeTarget section */
		BC31D934204563A600B3C58D /* BCFaceSDKDemo */ = {
			isa = PBXNativeTarget;
			buildConfigurationList = BC31D94B204563A600B3C58D /* Build configuration list for PBXNativeTarget "BCFaceSDKDemo" */;
			buildPhases = (
				BC31D931204563A600B3C58D /* Sources */,
				BC31D932204563A600B3C58D /* Frameworks */,
				BC31D933204563A600B3C58D /* Resources */,
				BC558B0C2046794A001428C6 /* Embed Frameworks */,
			);
			buildRules = (
			);
			dependencies = (
				BC558B062046794A001428C6 /* PBXTargetDependency */,
			);
			name = BCFaceSDKDemo;
			productName = BCFaceSDKDemo;
			productReference = BC31D935204563A600B3C58D /* BCFaceSDKDemo.app */;
			productType = "com.apple.product-type.application";
		};
		BC558AFF2046794A001428C6 /* faceSDK */ = {
			isa = PBXNativeTarget;
			buildConfigurationList = BC558B092046794A001428C6 /* Build configuration list for PBXNativeTarget "faceSDK" */;
			buildPhases = (
				BC558AFB2046794A001428C6 /* Sources */,
				BC558AFC2046794A001428C6 /* Frameworks */,
				BC558AFD2046794A001428C6 /* Headers */,
				BC558AFE2046794A001428C6 /* Resources */,
			);
			buildRules = (
			);
			dependencies = (
			);
			name = faceSDK;
			productName = faceSDK;
			productReference = BC558B002046794A001428C6 /* faceSDK.framework */;
			productType = "com.apple.product-type.framework";
		};
/* End PBXNativeTarget section */

/* Begin PBXProject section */
		BC31D92D204563A600B3C58D /* Project object */ = {
			isa = PBXProject;
			attributes = {
				LastUpgradeCheck = 0920;
				ORGANIZATIONNAME = "Bambooclound Co., Ltd.";
				TargetAttributes = {
					BC31D934204563A600B3C58D = {
						CreatedOnToolsVersion = 9.2;
						ProvisioningStyle = Automatic;
					};
					BC558AFF2046794A001428C6 = {
						CreatedOnToolsVersion = 9.2;
						ProvisioningStyle = Automatic;
					};
				};
			};
			buildConfigurationList = BC31D930204563A600B3C58D /* Build configuration list for PBXProject "BCFaceSDKDemo" */;
			compatibilityVersion = "Xcode 8.0";
			developmentRegion = en;
			hasScannedForEncodings = 0;
			knownRegions = (
				en,
				Base,
			);
			mainGroup = BC31D92C204563A600B3C58D;
			productRefGroup = BC31D936204563A600B3C58D /* Products */;
			projectDirPath = "";
			projectRoot = "";
			targets = (
				BC31D934204563A600B3C58D /* BCFaceSDKDemo */,
				BC558AFF2046794A001428C6 /* faceSDK */,
			);
		};
/* End PBXProject section */

/* Begin PBXResourcesBuildPhase section */
		BC31D933204563A600B3C58D /* Resources */ = {
			isa = PBXResourcesBuildPhase;
			buildActionMask = 2147483647;
			files = (
				BC558AA320464643001428C6 /* photography_face-detection-180.png in Resources */,
				BC558AAC20464681001428C6 /* Main.storyboard in Resources */,
				BC558AAB20464681001428C6 /* LaunchScreen.storyboard in Resources */,
				BC31D942204563A600B3C58D /* Assets.xcassets in Resources */,
				BC558A9820464417001428C6 /* face.dat in Resources */,
			);
			runOnlyForDeploymentPostprocessing = 0;
		};
		BC558AFE2046794A001428C6 /* Resources */ = {
			isa = PBXResourcesBuildPhase;
			buildActionMask = 2147483647;
			files = (
				BC558B2120467AA5001428C6 /* Assets.xcassets in Resources */,
			);
			runOnlyForDeploymentPostprocessing = 0;
		};
/* End PBXResourcesBuildPhase section */

/* Begin PBXSourcesBuildPhase section */
		BC31D931204563A600B3C58D /* Sources */ = {
			isa = PBXSourcesBuildPhase;
			buildActionMask = 2147483647;
			files = (
				BC558AA62046466C001428C6 /* ViewController.m in Sources */,
				BC31D948204563A600B3C58D /* main.m in Sources */,
				BC31D93A204563A600B3C58D /* AppDelegate.mm in Sources */,
			);
			runOnlyForDeploymentPostprocessing = 0;
		};
		BC558AFB2046794A001428C6 /* Sources */ = {
			isa = PBXSourcesBuildPhase;
			buildActionMask = 2147483647;
			files = (
				BC558B1A20467A32001428C6 /* BCFaceSDK.mm in Sources */,
				BC558B1C20467A40001428C6 /* KYFaceViewController.m in Sources */,
				BC558B2020467A58001428C6 /* KYFaceDetectorErrorView.m in Sources */,
				BC558B1F20467A54001428C6 /* KYFaceAnimationView.m in Sources */,
			);
			runOnlyForDeploymentPostprocessing = 0;
		};
/* End PBXSourcesBuildPhase section */

/* Begin PBXTargetDependency section */
		BC558B062046794A001428C6 /* PBXTargetDependency */ = {
			isa = PBXTargetDependency;
			target = BC558AFF2046794A001428C6 /* faceSDK */;
			targetProxy = BC558B052046794A001428C6 /* PBXContainerItemProxy */;
		};
/* End PBXTargetDependency section */

/* Begin PBXVariantGroup section */
		BC558AA720464681001428C6 /* LaunchScreen.storyboard */ = {
			isa = PBXVariantGroup;
			children = (
				BC558AA820464681001428C6 /* Base */,
			);
			name = LaunchScreen.storyboard;
			sourceTree = "<group>";
		};
		BC558AA920464681001428C6 /* Main.storyboard */ = {
			isa = PBXVariantGroup;
			children = (
				BC558AAA20464681001428C6 /* Base */,
			);
			name = Main.storyboard;
			sourceTree = "<group>";
		};
/* End PBXVariantGroup section */

/* Begin XCBuildConfiguration section */
		BC31D949204563A600B3C58D /* Debug */ = {
			isa = XCBuildConfiguration;
			buildSettings = {
				ALWAYS_SEARCH_USER_PATHS = NO;
				CLANG_ANALYZER_NONNULL = YES;
				CLANG_ANALYZER_NUMBER_OBJECT_CONVERSION = YES_AGGRESSIVE;
				CLANG_CXX_LANGUAGE_STANDARD = "gnu++14";
				CLANG_CXX_LIBRARY = "libc++";
				CLANG_ENABLE_MODULES = YES;
				CLANG_ENABLE_OBJC_ARC = YES;
				CLANG_WARN_BLOCK_CAPTURE_AUTORELEASING = YES;
				CLANG_WARN_BOOL_CONVERSION = YES;
				CLANG_WARN_COMMA = YES;
				CLANG_WARN_CONSTANT_CONVERSION = YES;
				CLANG_WARN_DIRECT_OBJC_ISA_USAGE = YES_ERROR;
				CLANG_WARN_DOCUMENTATION_COMMENTS = YES;
				CLANG_WARN_EMPTY_BODY = YES;
				CLANG_WARN_ENUM_CONVERSION = YES;
				CLANG_WARN_INFINITE_RECURSION = YES;
				CLANG_WARN_INT_CONVERSION = YES;
				CLANG_WARN_NON_LITERAL_NULL_CONVERSION = YES;
				CLANG_WARN_OBJC_LITERAL_CONVERSION = YES;
				CLANG_WARN_OBJC_ROOT_CLASS = YES_ERROR;
				CLANG_WARN_RANGE_LOOP_ANALYSIS = YES;
				CLANG_WARN_STRICT_PROTOTYPES = YES;
				CLANG_WARN_SUSPICIOUS_MOVE = YES;
				CLANG_WARN_UNGUARDED_AVAILABILITY = YES_AGGRESSIVE;
				CLANG_WARN_UNREACHABLE_CODE = YES;
				CLANG_WARN__DUPLICATE_METHOD_MATCH = YES;
				CODE_SIGN_IDENTITY = "iPhone Developer";
				COPY_PHASE_STRIP = NO;
				DEBUG_INFORMATION_FORMAT = dwarf;
				ENABLE_STRICT_OBJC_MSGSEND = YES;
				ENABLE_TESTABILITY = YES;
				GCC_C_LANGUAGE_STANDARD = gnu11;
				GCC_DYNAMIC_NO_PIC = NO;
				GCC_NO_COMMON_BLOCKS = YES;
				GCC_OPTIMIZATION_LEVEL = 0;
				GCC_PREPROCESSOR_DEFINITIONS = (
					"DEBUG=1",
					"$(inherited)",
				);
				GCC_WARN_64_TO_32_BIT_CONVERSION = YES;
				GCC_WARN_ABOUT_RETURN_TYPE = YES_ERROR;
				GCC_WARN_UNDECLARED_SELECTOR = YES;
				GCC_WARN_UNINITIALIZED_AUTOS = YES_AGGRESSIVE;
				GCC_WARN_UNUSED_FUNCTION = YES;
				GCC_WARN_UNUSED_VARIABLE = YES;
				IPHONEOS_DEPLOYMENT_TARGET = 11.2;
				MTL_ENABLE_DEBUG_INFO = YES;
				ONLY_ACTIVE_ARCH = YES;
				SDKROOT = iphoneos;
			};
			name = Debug;
		};
		BC31D94A204563A600B3C58D /* Release */ = {
			isa = XCBuildConfiguration;
			buildSettings = {
				ALWAYS_SEARCH_USER_PATHS = NO;
				CLANG_ANALYZER_NONNULL = YES;
				CLANG_ANALYZER_NUMBER_OBJECT_CONVERSION = YES_AGGRESSIVE;
				CLANG_CXX_LANGUAGE_STANDARD = "gnu++14";
				CLANG_CXX_LIBRARY = "libc++";
				CLANG_ENABLE_MODULES = YES;
				CLANG_ENABLE_OBJC_ARC = YES;
				CLANG_WARN_BLOCK_CAPTURE_AUTORELEASING = YES;
				CLANG_WARN_BOOL_CONVERSION = YES;
				CLANG_WARN_COMMA = YES;
				CLANG_WARN_CONSTANT_CONVERSION = YES;
				CLANG_WARN_DIRECT_OBJC_ISA_USAGE = YES_ERROR;
				CLANG_WARN_DOCUMENTATION_COMMENTS = YES;
				CLANG_WARN_EMPTY_BODY = YES;
				CLANG_WARN_ENUM_CONVERSION = YES;
				CLANG_WARN_INFINITE_RECURSION = YES;
				CLANG_WARN_INT_CONVERSION = YES;
				CLANG_WARN_NON_LITERAL_NULL_CONVERSION = YES;
				CLANG_WARN_OBJC_LITERAL_CONVERSION = YES;
				CLANG_WARN_OBJC_ROOT_CLASS = YES_ERROR;
				CLANG_WARN_RANGE_LOOP_ANALYSIS = YES;
				CLANG_WARN_STRICT_PROTOTYPES = YES;
				CLANG_WARN_SUSPICIOUS_MOVE = YES;
				CLANG_WARN_UNGUARDED_AVAILABILITY = YES_AGGRESSIVE;
				CLANG_WARN_UNREACHABLE_CODE = YES;
				CLANG_WARN__DUPLICATE_METHOD_MATCH = YES;
				CODE_SIGN_IDENTITY = "iPhone Developer";
				COPY_PHASE_STRIP = NO;
				DEBUG_INFORMATION_FORMAT = "dwarf-with-dsym";
				ENABLE_NS_ASSERTIONS = NO;
				ENABLE_STRICT_OBJC_MSGSEND = YES;
				GCC_C_LANGUAGE_STANDARD = gnu11;
				GCC_NO_COMMON_BLOCKS = YES;
				GCC_WARN_64_TO_32_BIT_CONVERSION = YES;
				GCC_WARN_ABOUT_RETURN_TYPE = YES_ERROR;
				GCC_WARN_UNDECLARED_SELECTOR = YES;
				GCC_WARN_UNINITIALIZED_AUTOS = YES_AGGRESSIVE;
				GCC_WARN_UNUSED_FUNCTION = YES;
				GCC_WARN_UNUSED_VARIABLE = YES;
				IPHONEOS_DEPLOYMENT_TARGET = 11.2;
				MTL_ENABLE_DEBUG_INFO = NO;
				SDKROOT = iphoneos;
				VALIDATE_PRODUCT = YES;
			};
			name = Release;
		};
		BC31D94C204563A600B3C58D /* Debug */ = {
			isa = XCBuildConfiguration;
			buildSettings = {
				ASSETCATALOG_COMPILER_APPICON_NAME = AppIcon;
				CODE_SIGN_STYLE = Automatic;
				DEVELOPMENT_TEAM = KE5MJRYE2S;
				ENABLE_BITCODE = NO;
				FRAMEWORK_SEARCH_PATHS = (
					"$(inherited)",
					"$(PROJECT_DIR)/BCFaceSDKDemo/SDK",
				);
				INFOPLIST_FILE = BCFaceSDKDemo/Info.plist;
				IPHONEOS_DEPLOYMENT_TARGET = 8;
				LD_RUNPATH_SEARCH_PATHS = "$(inherited) @executable_path/Frameworks";
				PRODUCT_BUNDLE_IDENTIFIER = com.bc.BCFaceSDKDemo;
				PRODUCT_NAME = "$(TARGET_NAME)";
				TARGETED_DEVICE_FAMILY = "1,2";
			};
			name = Debug;
		};
		BC31D94D204563A600B3C58D /* Release */ = {
			isa = XCBuildConfiguration;
			buildSettings = {
				ASSETCATALOG_COMPILER_APPICON_NAME = AppIcon;
				CODE_SIGN_STYLE = Automatic;
				DEVELOPMENT_TEAM = KE5MJRYE2S;
				ENABLE_BITCODE = NO;
				FRAMEWORK_SEARCH_PATHS = (
					"$(inherited)",
					"$(PROJECT_DIR)/BCFaceSDKDemo/SDK",
				);
				INFOPLIST_FILE = BCFaceSDKDemo/Info.plist;
				IPHONEOS_DEPLOYMENT_TARGET = 8;
				LD_RUNPATH_SEARCH_PATHS = "$(inherited) @executable_path/Frameworks";
				PRODUCT_BUNDLE_IDENTIFIER = com.bc.BCFaceSDKDemo;
				PRODUCT_NAME = "$(TARGET_NAME)";
				TARGETED_DEVICE_FAMILY = "1,2";
			};
			name = Release;
		};
		BC558B0A2046794A001428C6 /* Debug */ = {
			isa = XCBuildConfiguration;
			buildSettings = {
				CODE_SIGN_IDENTITY = "";
				CODE_SIGN_STYLE = Automatic;
				CURRENT_PROJECT_VERSION = 1;
				DEFINES_MODULE = YES;
				DEVELOPMENT_TEAM = KE5MJRYE2S;
				DYLIB_COMPATIBILITY_VERSION = 1;
				DYLIB_CURRENT_VERSION = 1;
				DYLIB_INSTALL_NAME_BASE = "@rpath";
				ENABLE_BITCODE = NO;
				FRAMEWORK_SEARCH_PATHS = (
					"$(inherited)",
					"$(PROJECT_DIR)/BCFaceSDKDemo/SDK",
				);
				INFOPLIST_FILE = faceSDK/Info.plist;
				INSTALL_PATH = "$(LOCAL_LIBRARY_DIR)/Frameworks";
				IPHONEOS_DEPLOYMENT_TARGET = 8.0;
				LD_RUNPATH_SEARCH_PATHS = "$(inherited) @executable_path/Frameworks @loader_path/Frameworks";
				PRODUCT_BUNDLE_IDENTIFIER = com.bc.faceSDK;
				PRODUCT_NAME = "$(TARGET_NAME:c99extidentifier)";
				SKIP_INSTALL = YES;
				TARGETED_DEVICE_FAMILY = "1,2";
				VERSIONING_SYSTEM = "apple-generic";
				VERSION_INFO_PREFIX = "";
			};
			name = Debug;
		};
		BC558B0B2046794A001428C6 /* Release */ = {
			isa = XCBuildConfiguration;
			buildSettings = {
				CODE_SIGN_IDENTITY = "";
				CODE_SIGN_STYLE = Automatic;
				CURRENT_PROJECT_VERSION = 1;
				DEFINES_MODULE = YES;
				DEVELOPMENT_TEAM = KE5MJRYE2S;
				DYLIB_COMPATIBILITY_VERSION = 1;
				DYLIB_CURRENT_VERSION = 1;
				DYLIB_INSTALL_NAME_BASE = "@rpath";
				ENABLE_BITCODE = NO;
				FRAMEWORK_SEARCH_PATHS = (
					"$(inherited)",
					"$(PROJECT_DIR)/BCFaceSDKDemo/SDK",
				);
				INFOPLIST_FILE = faceSDK/Info.plist;
				INSTALL_PATH = "$(LOCAL_LIBRARY_DIR)/Frameworks";
				IPHONEOS_DEPLOYMENT_TARGET = 8.0;
				LD_RUNPATH_SEARCH_PATHS = "$(inherited) @executable_path/Frameworks @loader_path/Frameworks";
				PRODUCT_BUNDLE_IDENTIFIER = com.bc.faceSDK;
				PRODUCT_NAME = "$(TARGET_NAME:c99extidentifier)";
				SKIP_INSTALL = YES;
				TARGETED_DEVICE_FAMILY = "1,2";
				VERSIONING_SYSTEM = "apple-generic";
				VERSION_INFO_PREFIX = "";
			};
			name = Release;
		};
/* End XCBuildConfiguration section */

/* Begin XCConfigurationList section */
		BC31D930204563A600B3C58D /* Build configuration list for PBXProject "BCFaceSDKDemo" */ = {
			isa = XCConfigurationList;
			buildConfigurations = (
				BC31D949204563A600B3C58D /* Debug */,
				BC31D94A204563A600B3C58D /* Release */,
			);
			defaultConfigurationIsVisible = 0;
			defaultConfigurationName = Release;
		};
		BC31D94B204563A600B3C58D /* Build configuration list for PBXNativeTarget "BCFaceSDKDemo" */ = {
			isa = XCConfigurationList;
			buildConfigurations = (
				BC31D94C204563A600B3C58D /* Debug */,
				BC31D94D204563A600B3C58D /* Release */,
			);
			defaultConfigurationIsVisible = 0;
			defaultConfigurationName = Release;
		};
		BC558B092046794A001428C6 /* Build configuration list for PBXNativeTarget "faceSDK" */ = {
			isa = XCConfigurationList;
			buildConfigurations = (
				BC558B0A2046794A001428C6 /* Debug */,
				BC558B0B2046794A001428C6 /* Release */,
			);
			defaultConfigurationIsVisible = 0;
			defaultConfigurationName = Release;
		};
/* End XCConfigurationList section */
	};
	rootObject = BC31D92D204563A600B3C58D /* Project object */;
}
