// !$*UTF8*$!
{
	archiveVersion = 1;
	classes = {
	};
	objectVersion = 48;
	objects = {

/* Begin PBXBuildFile section */
		BC329F7E203147560000BB6E /* AppDelegate.m in Sources */ = {isa = PBXBuildFile; fileRef = BC329F7D203147560000BB6E /* AppDelegate.m */; };
		BC329F81203147560000BB6E /* ViewController.m in Sources */ = {isa = PBXBuildFile; fileRef = BC329F80203147560000BB6E /* ViewController.m */; };
		BC329F84203147560000BB6E /* Main.storyboard in Resources */ = {isa = PBXBuildFile; fileRef = BC329F82203147560000BB6E /* Main.storyboard */; };
		BC329F86203147560000BB6E /* Assets.xcassets in Resources */ = {isa = PBXBuildFile; fileRef = BC329F85203147560000BB6E /* Assets.xcassets */; };
		BC329F89203147560000BB6E /* LaunchScreen.storyboard in Resources */ = {isa = PBXBuildFile; fileRef = BC329F87203147560000BB6E /* LaunchScreen.storyboard */; };
		BC329F8C203147560000BB6E /* main.m in Sources */ = {isa = PBXBuildFile; fileRef = BC329F8B203147560000BB6E /* main.m */; };
		BC329FAF203163250000BB6E /* Accelerate.framework in Frameworks */ = {isa = PBXBuildFile; fileRef = BC329FAE203163250000BB6E /* Accelerate.framework */; };
		BC329FB1203163360000BB6E /* Foundation.framework in Frameworks */ = {isa = PBXBuildFile; fileRef = BC329FB0203163360000BB6E /* Foundation.framework */; };
		BC329FB32031633F0000BB6E /* UIKit.framework in Frameworks */ = {isa = PBXBuildFile; fileRef = BC329FB22031633F0000BB6E /* UIKit.framework */; };
		BC329FB5203163460000BB6E /* SystemConfiguration.framework in Frameworks */ = {isa = PBXBuildFile; fileRef = BC329FB4203163460000BB6E /* SystemConfiguration.framework */; };
		BC329FB7203163680000BB6E /* CFNetwork.framework in Frameworks */ = {isa = PBXBuildFile; fileRef = BC329FB6203163680000BB6E /* CFNetwork.framework */; };
		BC329FB92031637D0000BB6E /* Security.framework in Frameworks */ = {isa = PBXBuildFile; fileRef = BC329FB82031637D0000BB6E /* Security.framework */; };
		BC329FBB2031638E0000BB6E /* CoreMedia.framework in Frameworks */ = {isa = PBXBuildFile; fileRef = BC329FBA2031638E0000BB6E /* CoreMedia.framework */; };
		BC329FBD203163A10000BB6E /* CoreAudio.framework in Frameworks */ = {isa = PBXBuildFile; fileRef = BC329FBC203163A10000BB6E /* CoreAudio.framework */; };
		BC329FBF203163B00000BB6E /* AVFoundation.framework in Frameworks */ = {isa = PBXBuildFile; fileRef = BC329FBE203163B00000BB6E /* AVFoundation.framework */; };
/* End PBXBuildFile section */

/* Begin PBXFileReference section */
		BC329F79203147560000BB6E /* BCFaceSDKDemo.app */ = {isa = PBXFileReference; explicitFileType = wrapper.application; includeInIndex = 0; path = BCFaceSDKDemo.app; sourceTree = BUILT_PRODUCTS_DIR; };
		BC329F7C203147560000BB6E /* AppDelegate.h */ = {isa = PBXFileReference; lastKnownFileType = sourcecode.c.h; path = AppDelegate.h; sourceTree = "<group>"; };
		BC329F7D203147560000BB6E /* AppDelegate.m */ = {isa = PBXFileReference; lastKnownFileType = sourcecode.c.objc; path = AppDelegate.m; sourceTree = "<group>"; };
		BC329F7F203147560000BB6E /* ViewController.h */ = {isa = PBXFileReference; lastKnownFileType = sourcecode.c.h; path = ViewController.h; sourceTree = "<group>"; };
		BC329F80203147560000BB6E /* ViewController.m */ = {isa = PBXFileReference; lastKnownFileType = sourcecode.c.objc; path = ViewController.m; sourceTree = "<group>"; };
		BC329F83203147560000BB6E /* Base */ = {isa = PBXFileReference; lastKnownFileType = file.storyboard; name = Base; path = Base.lproj/Main.storyboard; sourceTree = "<group>"; };
		BC329F85203147560000BB6E /* Assets.xcassets */ = {isa = PBXFileReference; lastKnownFileType = folder.assetcatalog; path = Assets.xcassets; sourceTree = "<group>"; };
		BC329F88203147560000BB6E /* Base */ = {isa = PBXFileReference; lastKnownFileType = file.storyboard; name = Base; path = Base.lproj/LaunchScreen.storyboard; sourceTree = "<group>"; };
		BC329F8A203147560000BB6E /* Info.plist */ = {isa = PBXFileReference; lastKnownFileType = text.plist.xml; path = Info.plist; sourceTree = "<group>"; };
		BC329F8B203147560000BB6E /* main.m */ = {isa = PBXFileReference; lastKnownFileType = sourcecode.c.objc; path = main.m; sourceTree = "<group>"; };
		BC329FAE203163250000BB6E /* Accelerate.framework */ = {isa = PBXFileReference; lastKnownFileType = wrapper.framework; name = Accelerate.framework; path = System/Library/Frameworks/Accelerate.framework; sourceTree = SDKROOT; };
		BC329FB0203163360000BB6E /* Foundation.framework */ = {isa = PBXFileReference; lastKnownFileType = wrapper.framework; name = Foundation.framework; path = System/Library/Frameworks/Foundation.framework; sourceTree = SDKROOT; };
		BC329FB22031633F0000BB6E /* UIKit.framework */ = {isa = PBXFileReference; lastKnownFileType = wrapper.framework; name = UIKit.framework; path = System/Library/Frameworks/UIKit.framework; sourceTree = SDKROOT; };
		BC329FB4203163460000BB6E /* SystemConfiguration.framework */ = {isa = PBXFileReference; lastKnownFileType = wrapper.framework; name = SystemConfiguration.framework; path = System/Library/Frameworks/SystemConfiguration.framework; sourceTree = SDKROOT; };
		BC329FB6203163680000BB6E /* CFNetwork.framework */ = {isa = PBXFileReference; lastKnownFileType = wrapper.framework; name = CFNetwork.framework; path = System/Library/Frameworks/CFNetwork.framework; sourceTree = SDKROOT; };
		BC329FB82031637D0000BB6E /* Security.framework */ = {isa = PBXFileReference; lastKnownFileType = wrapper.framework; name = Security.framework; path = System/Library/Frameworks/Security.framework; sourceTree = SDKROOT; };
		BC329FBA2031638E0000BB6E /* CoreMedia.framework */ = {isa = PBXFileReference; lastKnownFileType = wrapper.framework; name = CoreMedia.framework; path = System/Library/Frameworks/CoreMedia.framework; sourceTree = SDKROOT; };
		BC329FBC203163A10000BB6E /* CoreAudio.framework */ = {isa = PBXFileReference; lastKnownFileType = wrapper.framework; name = CoreAudio.framework; path = System/Library/Frameworks/CoreAudio.framework; sourceTree = SDKROOT; };
		BC329FBE203163B00000BB6E /* AVFoundation.framework */ = {isa = PBXFileReference; lastKnownFileType = wrapper.framework; name = AVFoundation.framework; path = System/Library/Frameworks/AVFoundation.framework; sourceTree = SDKROOT; };
/* End PBXFileReference section */

/* Begin PBXFrameworksBuildPhase section */
		BC329F76203147560000BB6E /* Frameworks */ = {
			isa = PBXFrameworksBuildPhase;
			buildActionMask = 2147483647;
			files = (
				BC329FBF203163B00000BB6E /* AVFoundation.framework in Frameworks */,
				BC329FBD203163A10000BB6E /* CoreAudio.framework in Frameworks */,
				BC329FBB2031638E0000BB6E /* CoreMedia.framework in Frameworks */,
				BC329FB92031637D0000BB6E /* Security.framework in Frameworks */,
				BC329FB7203163680000BB6E /* CFNetwork.framework in Frameworks */,
				BC329FB5203163460000BB6E /* SystemConfiguration.framework in Frameworks */,
				BC329FB32031633F0000BB6E /* UIKit.framework in Frameworks */,
				BC329FB1203163360000BB6E /* Foundation.framework in Frameworks */,
				BC329FAF203163250000BB6E /* Accelerate.framework in Frameworks */,
			);
			runOnlyForDeploymentPostprocessing = 0;
		};
/* End PBXFrameworksBuildPhase section */

/* Begin PBXGroup section */
		BC329F70203147560000BB6E = {
			isa = PBXGroup;
			children = (
				BC329F7B203147560000BB6E /* BCFaceSDKDemo */,
				BC329F7A203147560000BB6E /* Products */,
				BC329FAD203163250000BB6E /* Frameworks */,
			);
			sourceTree = "<group>";
		};
		BC329F7A203147560000BB6E /* Products */ = {
			isa = PBXGroup;
			children = (
				BC329F79203147560000BB6E /* BCFaceSDKDemo.app */,
			);
			name = Products;
			sourceTree = "<group>";
		};
		BC329F7B203147560000BB6E /* BCFaceSDKDemo */ = {
			isa = PBXGroup;
			children = (
				BC329F7C203147560000BB6E /* AppDelegate.h */,
				BC329F7D203147560000BB6E /* AppDelegate.m */,
				BC329F7F203147560000BB6E /* ViewController.h */,
				BC329F80203147560000BB6E /* ViewController.m */,
				BC329F82203147560000BB6E /* Main.storyboard */,
				BC329F85203147560000BB6E /* Assets.xcassets */,
				BC329F87203147560000BB6E /* LaunchScreen.storyboard */,
				BC329F8A203147560000BB6E /* Info.plist */,
				BC329F8B203147560000BB6E /* main.m */,
			);
			path = BCFaceSDKDemo;
			sourceTree = "<group>";
		};
		BC329FAD203163250000BB6E /* Frameworks */ = {
			isa = PBXGroup;
			children = (
				BC329FBE203163B00000BB6E /* AVFoundation.framework */,
				BC329FBC203163A10000BB6E /* CoreAudio.framework */,
				BC329FBA2031638E0000BB6E /* CoreMedia.framework */,
				BC329FB82031637D0000BB6E /* Security.framework */,
				BC329FB6203163680000BB6E /* CFNetwork.framework */,
				BC329FB4203163460000BB6E /* SystemConfiguration.framework */,
				BC329FB22031633F0000BB6E /* UIKit.framework */,
				BC329FB0203163360000BB6E /* Foundation.framework */,
				BC329FAE203163250000BB6E /* Accelerate.framework */,
			);
			name = Frameworks;
			sourceTree = "<group>";
		};
/* End PBXGroup section */

/* Begin PBXNativeTarget section */
		BC329F78203147560000BB6E /* BCFaceSDKDemo */ = {
			isa = PBXNativeTarget;
			buildConfigurationList = BC329F8F203147560000BB6E /* Build configuration list for PBXNativeTarget "BCFaceSDKDemo" */;
			buildPhases = (
				BC329F75203147560000BB6E /* Sources */,
				BC329F76203147560000BB6E /* Frameworks */,
				BC329F77203147560000BB6E /* Resources */,
			);
			buildRules = (
			);
			dependencies = (
			);
			name = BCFaceSDKDemo;
			productName = BCFaceSDKDemo;
			productReference = BC329F79203147560000BB6E /* BCFaceSDKDemo.app */;
			productType = "com.apple.product-type.application";
		};
/* End PBXNativeTarget section */

/* Begin PBXProject section */
		BC329F71203147560000BB6E /* Project object */ = {
			isa = PBXProject;
			attributes = {
				CLASSPREFIX = BC;
				LastUpgradeCheck = 0920;
				ORGANIZATIONNAME = "Bambooclound Co., Ltd.";
				TargetAttributes = {
					BC329F78203147560000BB6E = {
						CreatedOnToolsVersion = 9.2;
						ProvisioningStyle = Automatic;
					};
				};
			};
			buildConfigurationList = BC329F74203147560000BB6E /* Build configuration list for PBXProject "BCFaceSDKDemo" */;
			compatibilityVersion = "Xcode 8.0";
			developmentRegion = en;
			hasScannedForEncodings = 0;
			knownRegions = (
				en,
				Base,
			);
			mainGroup = BC329F70203147560000BB6E;
			productRefGroup = BC329F7A203147560000BB6E /* Products */;
			projectDirPath = "";
			projectRoot = "";
			targets = (
				BC329F78203147560000BB6E /* BCFaceSDKDemo */,
			);
		};
/* End PBXProject section */

/* Begin PBXResourcesBuildPhase section */
		BC329F77203147560000BB6E /* Resources */ = {
			isa = PBXResourcesBuildPhase;
			buildActionMask = 2147483647;
			files = (
				BC329F89203147560000BB6E /* LaunchScreen.storyboard in Resources */,
				BC329F86203147560000BB6E /* Assets.xcassets in Resources */,
				BC329F84203147560000BB6E /* Main.storyboard in Resources */,
			);
			runOnlyForDeploymentPostprocessing = 0;
		};
/* End PBXResourcesBuildPhase section */

/* Begin PBXSourcesBuildPhase section */
		BC329F75203147560000BB6E /* Sources */ = {
			isa = PBXSourcesBuildPhase;
			buildActionMask = 2147483647;
			files = (
				BC329F81203147560000BB6E /* ViewController.m in Sources */,
				BC329F8C203147560000BB6E /* main.m in Sources */,
				BC329F7E203147560000BB6E /* AppDelegate.m in Sources */,
			);
			runOnlyForDeploymentPostprocessing = 0;
		};
/* End PBXSourcesBuildPhase section */

/* Begin PBXVariantGroup section */
		BC329F82203147560000BB6E /* Main.storyboard */ = {
			isa = PBXVariantGroup;
			children = (
				BC329F83203147560000BB6E /* Base */,
			);
			name = Main.storyboard;
			sourceTree = "<group>";
		};
		BC329F87203147560000BB6E /* LaunchScreen.storyboard */ = {
			isa = PBXVariantGroup;
			children = (
				BC329F88203147560000BB6E /* Base */,
			);
			name = LaunchScreen.storyboard;
			sourceTree = "<group>";
		};
/* End PBXVariantGroup section */

/* Begin XCBuildConfiguration section */
		BC329F8D203147560000BB6E /* Debug */ = {
			isa = XCBuildConfiguration;
			buildSettings = {
				ALWAYS_SEARCH_USER_PATHS = NO;
				CLANG_ANALYZER_NONNULL = YES;
				CLANG_ANALYZER_NUMBER_OBJECT_CONVERSION = YES_AGGRESSIVE;
				CLANG_CXX_LANGUAGE_STANDARD = "gnu++14";
				CLANG_CXX_LIBRARY = "libc++";
				CLANG_ENABLE_MODULES = YES;
				CLANG_ENABLE_OBJC_ARC = YES;
				CLANG_WARN_BLOCK_CAPTURE_AUTORELEASING = YES;
				CLANG_WARN_BOOL_CONVERSION = YES;
				CLANG_WARN_COMMA = YES;
				CLANG_WARN_CONSTANT_CONVERSION = YES;
				CLANG_WARN_DIRECT_OBJC_ISA_USAGE = YES_ERROR;
				CLANG_WARN_DOCUMENTATION_COMMENTS = YES;
				CLANG_WARN_EMPTY_BODY = YES;
				CLANG_WARN_ENUM_CONVERSION = YES;
				CLANG_WARN_INFINITE_RECURSION = YES;
				CLANG_WARN_INT_CONVERSION = YES;
				CLANG_WARN_NON_LITERAL_NULL_CONVERSION = YES;
				CLANG_WARN_OBJC_LITERAL_CONVERSION = YES;
				CLANG_WARN_OBJC_ROOT_CLASS = YES_ERROR;
				CLANG_WARN_RANGE_LOOP_ANALYSIS = YES;
				CLANG_WARN_STRICT_PROTOTYPES = YES;
				CLANG_WARN_SUSPICIOUS_MOVE = YES;
				CLANG_WARN_UNGUARDED_AVAILABILITY = YES_AGGRESSIVE;
				CLANG_WARN_UNREACHABLE_CODE = YES;
				CLANG_WARN__DUPLICATE_METHOD_MATCH = YES;
				CODE_SIGN_IDENTITY = "iPhone Developer";
				COPY_PHASE_STRIP = NO;
				DEBUG_INFORMATION_FORMAT = dwarf;
				ENABLE_STRICT_OBJC_MSGSEND = YES;
				ENABLE_TESTABILITY = YES;
				GCC_C_LANGUAGE_STANDARD = gnu11;
				GCC_DYNAMIC_NO_PIC = NO;
				GCC_NO_COMMON_BLOCKS = YES;
				GCC_OPTIMIZATION_LEVEL = 0;
				GCC_PREPROCESSOR_DEFINITIONS = (
					"DEBUG=1",
					"$(inherited)",
				);
				GCC_WARN_64_TO_32_BIT_CONVERSION = YES;
				GCC_WARN_ABOUT_RETURN_TYPE = YES_ERROR;
				GCC_WARN_UNDECLARED_SELECTOR = YES;
				GCC_WARN_UNINITIALIZED_AUTOS = YES_AGGRESSIVE;
				GCC_WARN_UNUSED_FUNCTION = YES;
				GCC_WARN_UNUSED_VARIABLE = YES;
				IPHONEOS_DEPLOYMENT_TARGET = 11.2;
				MTL_ENABLE_DEBUG_INFO = YES;
				ONLY_ACTIVE_ARCH = YES;
				SDKROOT = iphoneos;
			};
			name = Debug;
		};
		BC329F8E203147560000BB6E /* Release */ = {
			isa = XCBuildConfiguration;
			buildSettings = {
				ALWAYS_SEARCH_USER_PATHS = NO;
				CLANG_ANALYZER_NONNULL = YES;
				CLANG_ANALYZER_NUMBER_OBJECT_CONVERSION = YES_AGGRESSIVE;
				CLANG_CXX_LANGUAGE_STANDARD = "gnu++14";
				CLANG_CXX_LIBRARY = "libc++";
				CLANG_ENABLE_MODULES = YES;
				CLANG_ENABLE_OBJC_ARC = YES;
				CLANG_WARN_BLOCK_CAPTURE_AUTORELEASING = YES;
				CLANG_WARN_BOOL_CONVERSION = YES;
				CLANG_WARN_COMMA = YES;
				CLANG_WARN_CONSTANT_CONVERSION = YES;
				CLANG_WARN_DIRECT_OBJC_ISA_USAGE = YES_ERROR;
				CLANG_WARN_DOCUMENTATION_COMMENTS = YES;
				CLANG_WARN_EMPTY_BODY = YES;
				CLANG_WARN_ENUM_CONVERSION = YES;
				CLANG_WARN_INFINITE_RECURSION = YES;
				CLANG_WARN_INT_CONVERSION = YES;
				CLANG_WARN_NON_LITERAL_NULL_CONVERSION = YES;
				CLANG_WARN_OBJC_LITERAL_CONVERSION = YES;
				CLANG_WARN_OBJC_ROOT_CLASS = YES_ERROR;
				CLANG_WARN_RANGE_LOOP_ANALYSIS = YES;
				CLANG_WARN_STRICT_PROTOTYPES = YES;
				CLANG_WARN_SUSPICIOUS_MOVE = YES;
				CLANG_WARN_UNGUARDED_AVAILABILITY = YES_AGGRESSIVE;
				CLANG_WARN_UNREACHABLE_CODE = YES;
				CLANG_WARN__DUPLICATE_METHOD_MATCH = YES;
				CODE_SIGN_IDENTITY = "iPhone Developer";
				COPY_PHASE_STRIP = NO;
				DEBUG_INFORMATION_FORMAT = "dwarf-with-dsym";
				ENABLE_NS_ASSERTIONS = NO;
				ENABLE_STRICT_OBJC_MSGSEND = YES;
				GCC_C_LANGUAGE_STANDARD = gnu11;
				GCC_NO_COMMON_BLOCKS = YES;
				GCC_WARN_64_TO_32_BIT_CONVERSION = YES;
				GCC_WARN_ABOUT_RETURN_TYPE = YES_ERROR;
				GCC_WARN_UNDECLARED_SELECTOR = YES;
				GCC_WARN_UNINITIALIZED_AUTOS = YES_AGGRESSIVE;
				GCC_WARN_UNUSED_FUNCTION = YES;
				GCC_WARN_UNUSED_VARIABLE = YES;
				IPHONEOS_DEPLOYMENT_TARGET = 11.2;
				MTL_ENABLE_DEBUG_INFO = NO;
				SDKROOT = iphoneos;
				VALIDATE_PRODUCT = YES;
			};
			name = Release;
		};
		BC329F90203147560000BB6E /* Debug */ = {
			isa = XCBuildConfiguration;
			buildSettings = {
				ASSETCATALOG_COMPILER_APPICON_NAME = AppIcon;
				CODE_SIGN_STYLE = Automatic;
				DEVELOPMENT_TEAM = KE5MJRYE2S;
				INFOPLIST_FILE = BCFaceSDKDemo/Info.plist;
				IPHONEOS_DEPLOYMENT_TARGET = 8;
				LD_RUNPATH_SEARCH_PATHS = "$(inherited) @executable_path/Frameworks";
				PRODUCT_BUNDLE_IDENTIFIER = com.bc.BCFaceSDKDemo;
				PRODUCT_NAME = "$(TARGET_NAME)";
				TARGETED_DEVICE_FAMILY = "1,2";
			};
			name = Debug;
		};
		BC329F91203147560000BB6E /* Release */ = {
			isa = XCBuildConfiguration;
			buildSettings = {
				ASSETCATALOG_COMPILER_APPICON_NAME = AppIcon;
				CODE_SIGN_STYLE = Automatic;
				DEVELOPMENT_TEAM = KE5MJRYE2S;
				INFOPLIST_FILE = BCFaceSDKDemo/Info.plist;
				IPHONEOS_DEPLOYMENT_TARGET = 8;
				LD_RUNPATH_SEARCH_PATHS = "$(inherited) @executable_path/Frameworks";
				PRODUCT_BUNDLE_IDENTIFIER = com.bc.BCFaceSDKDemo;
				PRODUCT_NAME = "$(TARGET_NAME)";
				TARGETED_DEVICE_FAMILY = "1,2";
			};
			name = Release;
		};
/* End XCBuildConfiguration section */

/* Begin XCConfigurationList section */
		BC329F74203147560000BB6E /* Build configuration list for PBXProject "BCFaceSDKDemo" */ = {
			isa = XCConfigurationList;
			buildConfigurations = (
				BC329F8D203147560000BB6E /* Debug */,
				BC329F8E203147560000BB6E /* Release */,
			);
			defaultConfigurationIsVisible = 0;
			defaultConfigurationName = Release;
		};
		BC329F8F203147560000BB6E /* Build configuration list for PBXNativeTarget "BCFaceSDKDemo" */ = {
			isa = XCConfigurationList;
			buildConfigurations = (
				BC329F90203147560000BB6E /* Debug */,
				BC329F91203147560000BB6E /* Release */,
			);
			defaultConfigurationIsVisible = 0;
			defaultConfigurationName = Release;
		};
/* End XCConfigurationList section */
	};
	rootObject = BC329F71203147560000BB6E /* Project object */;
}
