// !$*UTF8*$!
{
	archiveVersion = 1;
	classes = {
	};
	objectVersion = 48;
	objects = {

/* Begin PBXBuildFile section */
		90049F1A783802AA84F0A836 /* libPods-FaceDetectionDemoUITests.a in Frameworks */ = {isa = PBXBuildFile; fileRef = 06218DB3227401271533D16F /* libPods-FaceDetectionDemoUITests.a */; };
		9C49B7B2A1C6188D2688C8B7 /* libPods-FaceDetectionDemo.a in Frameworks */ = {isa = PBXBuildFile; fileRef = 0C80382C91011B95D5D053DB /* libPods-FaceDetectionDemo.a */; };
		BC0A694E202D704800A7815C /* BCTencentCloud.m in Sources */ = {isa = PBXBuildFile; fileRef = BC0A694D202D704800A7815C /* BCTencentCloud.m */; };
		BC0A6951202D70B600A7815C /* KYFaceCompare.m in Sources */ = {isa = PBXBuildFile; fileRef = BC0A6950202D70B600A7815C /* KYFaceCompare.m */; };
		BC0A6955202D756700A7815C /* GTMBase64.m in Sources */ = {isa = PBXBuildFile; fileRef = BC0A6952202D756700A7815C /* GTMBase64.m */; };
		BC0A6958202D75C500A7815C /* NSString+KYCustomMethod.m in Sources */ = {isa = PBXBuildFile; fileRef = BC0A6957202D75C500A7815C /* NSString+KYCustomMethod.m */; };
		BC0A695D202D964300A7815C /* Accelerate.framework in Frameworks */ = {isa = PBXBuildFile; fileRef = BC0A695C202D964300A7815C /* Accelerate.framework */; };
		BC0A695F202D982700A7815C /* face.dat in Resources */ = {isa = PBXBuildFile; fileRef = BC0A695E202D982700A7815C /* face.dat */; };
		BC490B28202BEB4000F463F5 /* AppDelegate.mm in Sources */ = {isa = PBXBuildFile; fileRef = BC490B27202BEB4000F463F5 /* AppDelegate.mm */; };
		BC490B2B202BEB4000F463F5 /* ViewController.m in Sources */ = {isa = PBXBuildFile; fileRef = BC490B2A202BEB4000F463F5 /* ViewController.m */; };
		BC490B2E202BEB4000F463F5 /* Main.storyboard in Resources */ = {isa = PBXBuildFile; fileRef = BC490B2C202BEB4000F463F5 /* Main.storyboard */; };
		BC490B31202BEB4000F463F5 /* FaceDetectionDemo.xcdatamodeld in Sources */ = {isa = PBXBuildFile; fileRef = BC490B2F202BEB4000F463F5 /* FaceDetectionDemo.xcdatamodeld */; };
		BC490B33202BEB4000F463F5 /* Assets.xcassets in Resources */ = {isa = PBXBuildFile; fileRef = BC490B32202BEB4000F463F5 /* Assets.xcassets */; };
		BC490B36202BEB4000F463F5 /* LaunchScreen.storyboard in Resources */ = {isa = PBXBuildFile; fileRef = BC490B34202BEB4000F463F5 /* LaunchScreen.storyboard */; };
		BC490B39202BEB4100F463F5 /* main.m in Sources */ = {isa = PBXBuildFile; fileRef = BC490B38202BEB4100F463F5 /* main.m */; };
		BC490B43202BEB4100F463F5 /* FaceDetectionDemoTests.m in Sources */ = {isa = PBXBuildFile; fileRef = BC490B42202BEB4100F463F5 /* FaceDetectionDemoTests.m */; };
		BC490B4E202BEB4100F463F5 /* FaceDetectionDemoUITests.m in Sources */ = {isa = PBXBuildFile; fileRef = BC490B4D202BEB4100F463F5 /* FaceDetectionDemoUITests.m */; };
		BC490B64202BF26D00F463F5 /* AVFoundation.framework in Frameworks */ = {isa = PBXBuildFile; fileRef = BC490B63202BF26D00F463F5 /* AVFoundation.framework */; };
		BC490B66202BF27600F463F5 /* CoreAudio.framework in Frameworks */ = {isa = PBXBuildFile; fileRef = BC490B65202BF27600F463F5 /* CoreAudio.framework */; };
		BC490B68202BF28D00F463F5 /* CoreMedia.framework in Frameworks */ = {isa = PBXBuildFile; fileRef = BC490B67202BF28D00F463F5 /* CoreMedia.framework */; };
		BC490B6A202BF31900F463F5 /* Security.framework in Frameworks */ = {isa = PBXBuildFile; fileRef = BC490B69202BF31900F463F5 /* Security.framework */; };
		BC490B6C202BF32000F463F5 /* CFNetwork.framework in Frameworks */ = {isa = PBXBuildFile; fileRef = BC490B6B202BF32000F463F5 /* CFNetwork.framework */; };
		BC490B6E202BF32800F463F5 /* SystemConfiguration.framework in Frameworks */ = {isa = PBXBuildFile; fileRef = BC490B6D202BF32800F463F5 /* SystemConfiguration.framework */; };
		BC490B70202BF33100F463F5 /* UIKit.framework in Frameworks */ = {isa = PBXBuildFile; fileRef = BC490B6F202BF33100F463F5 /* UIKit.framework */; };
		BC490B72202BF33A00F463F5 /* Foundation.framework in Frameworks */ = {isa = PBXBuildFile; fileRef = BC490B71202BF33A00F463F5 /* Foundation.framework */; };
		BC490B75202C095800F463F5 /* KYFaceViewController.m in Sources */ = {isa = PBXBuildFile; fileRef = BC490B74202C095800F463F5 /* KYFaceViewController.m */; };
		BC490B7D202C11D600F463F5 /* photography_face-detection-180.png in Resources */ = {isa = PBXBuildFile; fileRef = BC490B7C202C11D600F463F5 /* photography_face-detection-180.png */; };
		BC490B80202C1DC300F463F5 /* KYFaceAnimationView.m in Sources */ = {isa = PBXBuildFile; fileRef = BC490B7F202C1DC300F463F5 /* KYFaceAnimationView.m */; };
		BC490B86202C4FA300F463F5 /* KYFaceDetectorErrorView.m in Sources */ = {isa = PBXBuildFile; fileRef = BC490B85202C4FA300F463F5 /* KYFaceDetectorErrorView.m */; };
		BC5CF492202D9B4C0056AD11 /* FDFramework.framework in Frameworks */ = {isa = PBXBuildFile; fileRef = BC5CF491202D9B4C0056AD11 /* FDFramework.framework */; };
		DF58D2EDC795AA921DFEEE22 /* libPods-FaceDetectionDemoTests.a in Frameworks */ = {isa = PBXBuildFile; fileRef = 0BE030E72745367A5DE6127D /* libPods-FaceDetectionDemoTests.a */; };
/* End PBXBuildFile section */

/* Begin PBXContainerItemProxy section */
		BC490B3F202BEB4100F463F5 /* PBXContainerItemProxy */ = {
			isa = PBXContainerItemProxy;
			containerPortal = BC490B1B202BEB4000F463F5 /* Project object */;
			proxyType = 1;
			remoteGlobalIDString = BC490B22202BEB4000F463F5;
			remoteInfo = FaceDetectionDemo;
		};
		BC490B4A202BEB4100F463F5 /* PBXContainerItemProxy */ = {
			isa = PBXContainerItemProxy;
			containerPortal = BC490B1B202BEB4000F463F5 /* Project object */;
			proxyType = 1;
			remoteGlobalIDString = BC490B22202BEB4000F463F5;
			remoteInfo = FaceDetectionDemo;
		};
/* End PBXContainerItemProxy section */

/* Begin PBXFileReference section */
		06218DB3227401271533D16F /* libPods-FaceDetectionDemoUITests.a */ = {isa = PBXFileReference; explicitFileType = archive.ar; includeInIndex = 0; path = "libPods-FaceDetectionDemoUITests.a"; sourceTree = BUILT_PRODUCTS_DIR; };
		0B998D34933067B0ECD78B08 /* Pods-FaceDetectionDemo.debug.xcconfig */ = {isa = PBXFileReference; includeInIndex = 1; lastKnownFileType = text.xcconfig; name = "Pods-FaceDetectionDemo.debug.xcconfig"; path = "Pods/Target Support Files/Pods-FaceDetectionDemo/Pods-FaceDetectionDemo.debug.xcconfig"; sourceTree = "<group>"; };
		0BE030E72745367A5DE6127D /* libPods-FaceDetectionDemoTests.a */ = {isa = PBXFileReference; explicitFileType = archive.ar; includeInIndex = 0; path = "libPods-FaceDetectionDemoTests.a"; sourceTree = BUILT_PRODUCTS_DIR; };
		0C80382C91011B95D5D053DB /* libPods-FaceDetectionDemo.a */ = {isa = PBXFileReference; explicitFileType = archive.ar; includeInIndex = 0; path = "libPods-FaceDetectionDemo.a"; sourceTree = BUILT_PRODUCTS_DIR; };
		36A2C86F90B8D22170D6AA55 /* Pods-FaceDetectionDemoTests.debug.xcconfig */ = {isa = PBXFileReference; includeInIndex = 1; lastKnownFileType = text.xcconfig; name = "Pods-FaceDetectionDemoTests.debug.xcconfig"; path = "Pods/Target Support Files/Pods-FaceDetectionDemoTests/Pods-FaceDetectionDemoTests.debug.xcconfig"; sourceTree = "<group>"; };
		3C9B324AB387870028C1BFF3 /* Pods-FaceDetectionDemoUITests.release.xcconfig */ = {isa = PBXFileReference; includeInIndex = 1; lastKnownFileType = text.xcconfig; name = "Pods-FaceDetectionDemoUITests.release.xcconfig"; path = "Pods/Target Support Files/Pods-FaceDetectionDemoUITests/Pods-FaceDetectionDemoUITests.release.xcconfig"; sourceTree = "<group>"; };
		6D21BF88C56E6B64C35C3B86 /* Pods-FaceDetectionDemoTests.release.xcconfig */ = {isa = PBXFileReference; includeInIndex = 1; lastKnownFileType = text.xcconfig; name = "Pods-FaceDetectionDemoTests.release.xcconfig"; path = "Pods/Target Support Files/Pods-FaceDetectionDemoTests/Pods-FaceDetectionDemoTests.release.xcconfig"; sourceTree = "<group>"; };
		BC0A694C202D704800A7815C /* BCTencentCloud.h */ = {isa = PBXFileReference; fileEncoding = 4; lastKnownFileType = sourcecode.c.h; path = BCTencentCloud.h; sourceTree = "<group>"; };
		BC0A694D202D704800A7815C /* BCTencentCloud.m */ = {isa = PBXFileReference; fileEncoding = 4; lastKnownFileType = sourcecode.c.objc; path = BCTencentCloud.m; sourceTree = "<group>"; };
		BC0A694F202D70B600A7815C /* KYFaceCompare.h */ = {isa = PBXFileReference; lastKnownFileType = sourcecode.c.h; path = KYFaceCompare.h; sourceTree = "<group>"; };
		BC0A6950202D70B600A7815C /* KYFaceCompare.m */ = {isa = PBXFileReference; lastKnownFileType = sourcecode.c.objc; path = KYFaceCompare.m; sourceTree = "<group>"; };
		BC0A6952202D756700A7815C /* GTMBase64.m */ = {isa = PBXFileReference; fileEncoding = 4; lastKnownFileType = sourcecode.c.objc; path = GTMBase64.m; sourceTree = "<group>"; };
		BC0A6953202D756700A7815C /* GTMDefines.h */ = {isa = PBXFileReference; fileEncoding = 4; lastKnownFileType = sourcecode.c.h; path = GTMDefines.h; sourceTree = "<group>"; };
		BC0A6954202D756700A7815C /* GTMBase64.h */ = {isa = PBXFileReference; fileEncoding = 4; lastKnownFileType = sourcecode.c.h; path = GTMBase64.h; sourceTree = "<group>"; };
		BC0A6956202D75C500A7815C /* NSString+KYCustomMethod.h */ = {isa = PBXFileReference; lastKnownFileType = sourcecode.c.h; path = "NSString+KYCustomMethod.h"; sourceTree = "<group>"; };
		BC0A6957202D75C500A7815C /* NSString+KYCustomMethod.m */ = {isa = PBXFileReference; lastKnownFileType = sourcecode.c.objc; path = "NSString+KYCustomMethod.m"; sourceTree = "<group>"; };
		BC0A695C202D964300A7815C /* Accelerate.framework */ = {isa = PBXFileReference; lastKnownFileType = wrapper.framework; name = Accelerate.framework; path = System/Library/Frameworks/Accelerate.framework; sourceTree = SDKROOT; };
		BC0A695E202D982700A7815C /* face.dat */ = {isa = PBXFileReference; lastKnownFileType = file; path = face.dat; sourceTree = "<group>"; };
		BC490B23202BEB4000F463F5 /* FaceDetectionDemo.app */ = {isa = PBXFileReference; explicitFileType = wrapper.application; includeInIndex = 0; path = FaceDetectionDemo.app; sourceTree = BUILT_PRODUCTS_DIR; };
		BC490B26202BEB4000F463F5 /* AppDelegate.h */ = {isa = PBXFileReference; lastKnownFileType = sourcecode.c.h; path = AppDelegate.h; sourceTree = "<group>"; };
		BC490B27202BEB4000F463F5 /* AppDelegate.mm */ = {isa = PBXFileReference; lastKnownFileType = sourcecode.cpp.objcpp; path = AppDelegate.mm; sourceTree = "<group>"; };
		BC490B29202BEB4000F463F5 /* ViewController.h */ = {isa = PBXFileReference; lastKnownFileType = sourcecode.c.h; path = ViewController.h; sourceTree = "<group>"; };
		BC490B2A202BEB4000F463F5 /* ViewController.m */ = {isa = PBXFileReference; lastKnownFileType = sourcecode.c.objc; path = ViewController.m; sourceTree = "<group>"; };
		BC490B2D202BEB4000F463F5 /* Base */ = {isa = PBXFileReference; lastKnownFileType = file.storyboard; name = Base; path = Base.lproj/Main.storyboard; sourceTree = "<group>"; };
		BC490B30202BEB4000F463F5 /* FaceDetectionDemo.xcdatamodel */ = {isa = PBXFileReference; lastKnownFileType = wrapper.xcdatamodel; path = FaceDetectionDemo.xcdatamodel; sourceTree = "<group>"; };
		BC490B32202BEB4000F463F5 /* Assets.xcassets */ = {isa = PBXFileReference; lastKnownFileType = folder.assetcatalog; path = Assets.xcassets; sourceTree = "<group>"; };
		BC490B35202BEB4000F463F5 /* Base */ = {isa = PBXFileReference; lastKnownFileType = file.storyboard; name = Base; path = Base.lproj/LaunchScreen.storyboard; sourceTree = "<group>"; };
		BC490B37202BEB4000F463F5 /* Info.plist */ = {isa = PBXFileReference; lastKnownFileType = text.plist.xml; path = Info.plist; sourceTree = "<group>"; };
		BC490B38202BEB4100F463F5 /* main.m */ = {isa = PBXFileReference; lastKnownFileType = sourcecode.c.objc; path = main.m; sourceTree = "<group>"; };
		BC490B3E202BEB4100F463F5 /* FaceDetectionDemoTests.xctest */ = {isa = PBXFileReference; explicitFileType = wrapper.cfbundle; includeInIndex = 0; path = FaceDetectionDemoTests.xctest; sourceTree = BUILT_PRODUCTS_DIR; };
		BC490B42202BEB4100F463F5 /* FaceDetectionDemoTests.m */ = {isa = PBXFileReference; lastKnownFileType = sourcecode.c.objc; path = FaceDetectionDemoTests.m; sourceTree = "<group>"; };
		BC490B44202BEB4100F463F5 /* Info.plist */ = {isa = PBXFileReference; lastKnownFileType = text.plist.xml; path = Info.plist; sourceTree = "<group>"; };
		BC490B49202BEB4100F463F5 /* FaceDetectionDemoUITests.xctest */ = {isa = PBXFileReference; explicitFileType = wrapper.cfbundle; includeInIndex = 0; path = FaceDetectionDemoUITests.xctest; sourceTree = BUILT_PRODUCTS_DIR; };
		BC490B4D202BEB4100F463F5 /* FaceDetectionDemoUITests.m */ = {isa = PBXFileReference; lastKnownFileType = sourcecode.c.objc; path = FaceDetectionDemoUITests.m; sourceTree = "<group>"; };
		BC490B4F202BEB4100F463F5 /* Info.plist */ = {isa = PBXFileReference; lastKnownFileType = text.plist.xml; path = Info.plist; sourceTree = "<group>"; };
		BC490B63202BF26D00F463F5 /* AVFoundation.framework */ = {isa = PBXFileReference; lastKnownFileType = wrapper.framework; name = AVFoundation.framework; path = System/Library/Frameworks/AVFoundation.framework; sourceTree = SDKROOT; };
		BC490B65202BF27600F463F5 /* CoreAudio.framework */ = {isa = PBXFileReference; lastKnownFileType = wrapper.framework; name = CoreAudio.framework; path = System/Library/Frameworks/CoreAudio.framework; sourceTree = SDKROOT; };
		BC490B67202BF28D00F463F5 /* CoreMedia.framework */ = {isa = PBXFileReference; lastKnownFileType = wrapper.framework; name = CoreMedia.framework; path = System/Library/Frameworks/CoreMedia.framework; sourceTree = SDKROOT; };
		BC490B69202BF31900F463F5 /* Security.framework */ = {isa = PBXFileReference; lastKnownFileType = wrapper.framework; name = Security.framework; path = System/Library/Frameworks/Security.framework; sourceTree = SDKROOT; };
		BC490B6B202BF32000F463F5 /* CFNetwork.framework */ = {isa = PBXFileReference; lastKnownFileType = wrapper.framework; name = CFNetwork.framework; path = System/Library/Frameworks/CFNetwork.framework; sourceTree = SDKROOT; };
		BC490B6D202BF32800F463F5 /* SystemConfiguration.framework */ = {isa = PBXFileReference; lastKnownFileType = wrapper.framework; name = SystemConfiguration.framework; path = System/Library/Frameworks/SystemConfiguration.framework; sourceTree = SDKROOT; };
		BC490B6F202BF33100F463F5 /* UIKit.framework */ = {isa = PBXFileReference; lastKnownFileType = wrapper.framework; name = UIKit.framework; path = System/Library/Frameworks/UIKit.framework; sourceTree = SDKROOT; };
		BC490B71202BF33A00F463F5 /* Foundation.framework */ = {isa = PBXFileReference; lastKnownFileType = wrapper.framework; name = Foundation.framework; path = System/Library/Frameworks/Foundation.framework; sourceTree = SDKROOT; };
		BC490B73202C095800F463F5 /* KYFaceViewController.h */ = {isa = PBXFileReference; lastKnownFileType = sourcecode.c.h; path = KYFaceViewController.h; sourceTree = "<group>"; };
		BC490B74202C095800F463F5 /* KYFaceViewController.m */ = {isa = PBXFileReference; lastKnownFileType = sourcecode.c.objc; path = KYFaceViewController.m; sourceTree = "<group>"; };
		BC490B7C202C11D600F463F5 /* photography_face-detection-180.png */ = {isa = PBXFileReference; lastKnownFileType = image.png; path = "photography_face-detection-180.png"; sourceTree = "<group>"; };
		BC490B7E202C1DC300F463F5 /* KYFaceAnimationView.h */ = {isa = PBXFileReference; lastKnownFileType = sourcecode.c.h; path = KYFaceAnimationView.h; sourceTree = "<group>"; };
		BC490B7F202C1DC300F463F5 /* KYFaceAnimationView.m */ = {isa = PBXFileReference; lastKnownFileType = sourcecode.c.objc; path = KYFaceAnimationView.m; sourceTree = "<group>"; };
		BC490B84202C4FA300F463F5 /* KYFaceDetectorErrorView.h */ = {isa = PBXFileReference; lastKnownFileType = sourcecode.c.h; path = KYFaceDetectorErrorView.h; sourceTree = "<group>"; };
		BC490B85202C4FA300F463F5 /* KYFaceDetectorErrorView.m */ = {isa = PBXFileReference; lastKnownFileType = sourcecode.c.objc; path = KYFaceDetectorErrorView.m; sourceTree = "<group>"; };
		BC5CF491202D9B4C0056AD11 /* FDFramework.framework */ = {isa = PBXFileReference; lastKnownFileType = wrapper.framework; path = FDFramework.framework; sourceTree = "<group>"; };
		DC897D11F88C52D00D61C472 /* Pods-FaceDetectionDemoUITests.debug.xcconfig */ = {isa = PBXFileReference; includeInIndex = 1; lastKnownFileType = text.xcconfig; name = "Pods-FaceDetectionDemoUITests.debug.xcconfig"; path = "Pods/Target Support Files/Pods-FaceDetectionDemoUITests/Pods-FaceDetectionDemoUITests.debug.xcconfig"; sourceTree = "<group>"; };
		F56FD5D055D63ACFC1E74EC5 /* Pods-FaceDetectionDemo.release.xcconfig */ = {isa = PBXFileReference; includeInIndex = 1; lastKnownFileType = text.xcconfig; name = "Pods-FaceDetectionDemo.release.xcconfig"; path = "Pods/Target Support Files/Pods-FaceDetectionDemo/Pods-FaceDetectionDemo.release.xcconfig"; sourceTree = "<group>"; };
/* End PBXFileReference section */

/* Begin PBXFrameworksBuildPhase section */
		BC490B20202BEB4000F463F5 /* Frameworks */ = {
			isa = PBXFrameworksBuildPhase;
			buildActionMask = 2147483647;
			files = (
				BC0A695D202D964300A7815C /* Accelerate.framework in Frameworks */,
				BC5CF492202D9B4C0056AD11 /* FDFramework.framework in Frameworks */,
				BC490B72202BF33A00F463F5 /* Foundation.framework in Frameworks */,
				BC490B70202BF33100F463F5 /* UIKit.framework in Frameworks */,
				BC490B6E202BF32800F463F5 /* SystemConfiguration.framework in Frameworks */,
				BC490B6C202BF32000F463F5 /* CFNetwork.framework in Frameworks */,
				BC490B6A202BF31900F463F5 /* Security.framework in Frameworks */,
				BC490B68202BF28D00F463F5 /* CoreMedia.framework in Frameworks */,
				BC490B66202BF27600F463F5 /* CoreAudio.framework in Frameworks */,
				BC490B64202BF26D00F463F5 /* AVFoundation.framework in Frameworks */,
				9C49B7B2A1C6188D2688C8B7 /* libPods-FaceDetectionDemo.a in Frameworks */,
			);
			runOnlyForDeploymentPostprocessing = 0;
		};
		BC490B3B202BEB4100F463F5 /* Frameworks */ = {
			isa = PBXFrameworksBuildPhase;
			buildActionMask = 2147483647;
			files = (
				DF58D2EDC795AA921DFEEE22 /* libPods-FaceDetectionDemoTests.a in Frameworks */,
			);
			runOnlyForDeploymentPostprocessing = 0;
		};
		BC490B46202BEB4100F463F5 /* Frameworks */ = {
			isa = PBXFrameworksBuildPhase;
			buildActionMask = 2147483647;
			files = (
				90049F1A783802AA84F0A836 /* libPods-FaceDetectionDemoUITests.a in Frameworks */,
			);
			runOnlyForDeploymentPostprocessing = 0;
		};
/* End PBXFrameworksBuildPhase section */

/* Begin PBXGroup section */
		73A5B3BAE66BA88857117BAB /* Pods */ = {
			isa = PBXGroup;
			children = (
				0B998D34933067B0ECD78B08 /* Pods-FaceDetectionDemo.debug.xcconfig */,
				F56FD5D055D63ACFC1E74EC5 /* Pods-FaceDetectionDemo.release.xcconfig */,
				36A2C86F90B8D22170D6AA55 /* Pods-FaceDetectionDemoTests.debug.xcconfig */,
				6D21BF88C56E6B64C35C3B86 /* Pods-FaceDetectionDemoTests.release.xcconfig */,
				DC897D11F88C52D00D61C472 /* Pods-FaceDetectionDemoUITests.debug.xcconfig */,
				3C9B324AB387870028C1BFF3 /* Pods-FaceDetectionDemoUITests.release.xcconfig */,
			);
			name = Pods;
			sourceTree = "<group>";
		};
		BC490B1A202BEB4000F463F5 = {
			isa = PBXGroup;
			children = (
				BC490B5B202BF15700F463F5 /* FaceSDK */,
				BC490B25202BEB4000F463F5 /* FaceDetectionDemo */,
				BC490B41202BEB4100F463F5 /* FaceDetectionDemoTests */,
				BC490B4C202BEB4100F463F5 /* FaceDetectionDemoUITests */,
				BC490B24202BEB4000F463F5 /* Products */,
				BC490B62202BF26D00F463F5 /* Frameworks */,
				73A5B3BAE66BA88857117BAB /* Pods */,
			);
			sourceTree = "<group>";
		};
		BC490B24202BEB4000F463F5 /* Products */ = {
			isa = PBXGroup;
			children = (
				BC490B23202BEB4000F463F5 /* FaceDetectionDemo.app */,
				BC490B3E202BEB4100F463F5 /* FaceDetectionDemoTests.xctest */,
				BC490B49202BEB4100F463F5 /* FaceDetectionDemoUITests.xctest */,
			);
			name = Products;
			sourceTree = "<group>";
		};
		BC490B25202BEB4000F463F5 /* FaceDetectionDemo */ = {
			isa = PBXGroup;
			children = (
				BC490B26202BEB4000F463F5 /* AppDelegate.h */,
				BC490B27202BEB4000F463F5 /* AppDelegate.mm */,
				BC490B29202BEB4000F463F5 /* ViewController.h */,
				BC490B2A202BEB4000F463F5 /* ViewController.m */,
				BC490B73202C095800F463F5 /* KYFaceViewController.h */,
				BC490B74202C095800F463F5 /* KYFaceViewController.m */,
				BC490B84202C4FA300F463F5 /* KYFaceDetectorErrorView.h */,
				BC490B85202C4FA300F463F5 /* KYFaceDetectorErrorView.m */,
				BC490B7E202C1DC300F463F5 /* KYFaceAnimationView.h */,
				BC490B7F202C1DC300F463F5 /* KYFaceAnimationView.m */,
				BC0A694C202D704800A7815C /* BCTencentCloud.h */,
				BC0A694D202D704800A7815C /* BCTencentCloud.m */,
				BC0A6956202D75C500A7815C /* NSString+KYCustomMethod.h */,
				BC0A6957202D75C500A7815C /* NSString+KYCustomMethod.m */,
				BC0A694F202D70B600A7815C /* KYFaceCompare.h */,
				BC0A6950202D70B600A7815C /* KYFaceCompare.m */,
				BC0A6954202D756700A7815C /* GTMBase64.h */,
				BC0A6952202D756700A7815C /* GTMBase64.m */,
				BC0A6953202D756700A7815C /* GTMDefines.h */,
				BC490B2C202BEB4000F463F5 /* Main.storyboard */,
				BC490B7C202C11D600F463F5 /* photography_face-detection-180.png */,
				BC490B32202BEB4000F463F5 /* Assets.xcassets */,
				BC490B34202BEB4000F463F5 /* LaunchScreen.storyboard */,
				BC490B37202BEB4000F463F5 /* Info.plist */,
				BC490B38202BEB4100F463F5 /* main.m */,
				BC490B2F202BEB4000F463F5 /* FaceDetectionDemo.xcdatamodeld */,
			);
			path = FaceDetectionDemo;
			sourceTree = "<group>";
		};
		BC490B41202BEB4100F463F5 /* FaceDetectionDemoTests */ = {
			isa = PBXGroup;
			children = (
				BC490B42202BEB4100F463F5 /* FaceDetectionDemoTests.m */,
				BC490B44202BEB4100F463F5 /* Info.plist */,
			);
			path = FaceDetectionDemoTests;
			sourceTree = "<group>";
		};
		BC490B4C202BEB4100F463F5 /* FaceDetectionDemoUITests */ = {
			isa = PBXGroup;
			children = (
				BC490B4D202BEB4100F463F5 /* FaceDetectionDemoUITests.m */,
				BC490B4F202BEB4100F463F5 /* Info.plist */,
			);
			path = FaceDetectionDemoUITests;
			sourceTree = "<group>";
		};
		BC490B5B202BF15700F463F5 /* FaceSDK */ = {
			isa = PBXGroup;
			children = (
				BC5CF491202D9B4C0056AD11 /* FDFramework.framework */,
				BC0A695E202D982700A7815C /* face.dat */,
			);
			path = FaceSDK;
			sourceTree = "<group>";
		};
		BC490B62202BF26D00F463F5 /* Frameworks */ = {
			isa = PBXGroup;
			children = (
				BC0A695C202D964300A7815C /* Accelerate.framework */,
				BC490B71202BF33A00F463F5 /* Foundation.framework */,
				BC490B6F202BF33100F463F5 /* UIKit.framework */,
				BC490B6D202BF32800F463F5 /* SystemConfiguration.framework */,
				BC490B6B202BF32000F463F5 /* CFNetwork.framework */,
				BC490B69202BF31900F463F5 /* Security.framework */,
				BC490B67202BF28D00F463F5 /* CoreMedia.framework */,
				BC490B65202BF27600F463F5 /* CoreAudio.framework */,
				BC490B63202BF26D00F463F5 /* AVFoundation.framework */,
				0C80382C91011B95D5D053DB /* libPods-FaceDetectionDemo.a */,
				0BE030E72745367A5DE6127D /* libPods-FaceDetectionDemoTests.a */,
				06218DB3227401271533D16F /* libPods-FaceDetectionDemoUITests.a */,
			);
			name = Frameworks;
			sourceTree = "<group>";
		};
/* End PBXGroup section */

/* Begin PBXNativeTarget section */
		BC490B22202BEB4000F463F5 /* FaceDetectionDemo */ = {
			isa = PBXNativeTarget;
			buildConfigurationList = BC490B52202BEB4100F463F5 /* Build configuration list for PBXNativeTarget "FaceDetectionDemo" */;
			buildPhases = (
				E51AEE7EC3A601ED95F5D1D1 /* [CP] Check Pods Manifest.lock */,
				BC490B1F202BEB4000F463F5 /* Sources */,
				BC490B20202BEB4000F463F5 /* Frameworks */,
				BC490B21202BEB4000F463F5 /* Resources */,
				CDD1311B9678CE91BC227C0C /* [CP] Embed Pods Frameworks */,
				1873D1E1571B689D90A286B0 /* [CP] Copy Pods Resources */,
			);
			buildRules = (
			);
			dependencies = (
			);
			name = FaceDetectionDemo;
			productName = FaceDetectionDemo;
			productReference = BC490B23202BEB4000F463F5 /* FaceDetectionDemo.app */;
			productType = "com.apple.product-type.application";
		};
		BC490B3D202BEB4100F463F5 /* FaceDetectionDemoTests */ = {
			isa = PBXNativeTarget;
			buildConfigurationList = BC490B55202BEB4100F463F5 /* Build configuration list for PBXNativeTarget "FaceDetectionDemoTests" */;
			buildPhases = (
				3A80528A7734D4B8A70D54A3 /* [CP] Check Pods Manifest.lock */,
				BC490B3A202BEB4100F463F5 /* Sources */,
				BC490B3B202BEB4100F463F5 /* Frameworks */,
				BC490B3C202BEB4100F463F5 /* Resources */,
				9FEE2E0D8F82AC1B1743BD7E /* [CP] Embed Pods Frameworks */,
				EF5DAADC8A50477DDE1FF18E /* [CP] Copy Pods Resources */,
			);
			buildRules = (
			);
			dependencies = (
				BC490B40202BEB4100F463F5 /* PBXTargetDependency */,
			);
			name = FaceDetectionDemoTests;
			productName = FaceDetectionDemoTests;
			productReference = BC490B3E202BEB4100F463F5 /* FaceDetectionDemoTests.xctest */;
			productType = "com.apple.product-type.bundle.unit-test";
		};
		BC490B48202BEB4100F463F5 /* FaceDetectionDemoUITests */ = {
			isa = PBXNativeTarget;
			buildConfigurationList = BC490B58202BEB4100F463F5 /* Build configuration list for PBXNativeTarget "FaceDetectionDemoUITests" */;
			buildPhases = (
				2D4A05C45C1D21C4BCF90CBB /* [CP] Check Pods Manifest.lock */,
				BC490B45202BEB4100F463F5 /* Sources */,
				BC490B46202BEB4100F463F5 /* Frameworks */,
				BC490B47202BEB4100F463F5 /* Resources */,
				192560B6211800FBD4E8262D /* [CP] Embed Pods Frameworks */,
				0739631EB649D72D9E0331CA /* [CP] Copy Pods Resources */,
			);
			buildRules = (
			);
			dependencies = (
				BC490B4B202BEB4100F463F5 /* PBXTargetDependency */,
			);
			name = FaceDetectionDemoUITests;
			productName = FaceDetectionDemoUITests;
			productReference = BC490B49202BEB4100F463F5 /* FaceDetectionDemoUITests.xctest */;
			productType = "com.apple.product-type.bundle.ui-testing";
		};
/* End PBXNativeTarget section */

/* Begin PBXProject section */
		BC490B1B202BEB4000F463F5 /* Project object */ = {
			isa = PBXProject;
			attributes = {
				CLASSPREFIX = KY;
				LastUpgradeCheck = 0920;
				ORGANIZATIONNAME = "Bambooclound Co., Ltd.";
				TargetAttributes = {
					BC490B22202BEB4000F463F5 = {
						CreatedOnToolsVersion = 9.2;
						ProvisioningStyle = Automatic;
					};
					BC490B3D202BEB4100F463F5 = {
						CreatedOnToolsVersion = 9.2;
						ProvisioningStyle = Automatic;
						TestTargetID = BC490B22202BEB4000F463F5;
					};
					BC490B48202BEB4100F463F5 = {
						CreatedOnToolsVersion = 9.2;
						ProvisioningStyle = Automatic;
						TestTargetID = BC490B22202BEB4000F463F5;
					};
				};
			};
			buildConfigurationList = BC490B1E202BEB4000F463F5 /* Build configuration list for PBXProject "FaceDetectionDemo" */;
			compatibilityVersion = "Xcode 8.0";
			developmentRegion = en;
			hasScannedForEncodings = 0;
			knownRegions = (
				en,
				Base,
			);
			mainGroup = BC490B1A202BEB4000F463F5;
			productRefGroup = BC490B24202BEB4000F463F5 /* Products */;
			projectDirPath = "";
			projectRoot = "";
			targets = (
				BC490B22202BEB4000F463F5 /* FaceDetectionDemo */,
				BC490B3D202BEB4100F463F5 /* FaceDetectionDemoTests */,
				BC490B48202BEB4100F463F5 /* FaceDetectionDemoUITests */,
			);
		};
/* End PBXProject section */

/* Begin PBXResourcesBuildPhase section */
		BC490B21202BEB4000F463F5 /* Resources */ = {
			isa = PBXResourcesBuildPhase;
			buildActionMask = 2147483647;
			files = (
				BC490B7D202C11D600F463F5 /* photography_face-detection-180.png in Resources */,
				BC490B36202BEB4000F463F5 /* LaunchScreen.storyboard in Resources */,
				BC490B33202BEB4000F463F5 /* Assets.xcassets in Resources */,
				BC490B2E202BEB4000F463F5 /* Main.storyboard in Resources */,
				BC0A695F202D982700A7815C /* face.dat in Resources */,
			);
			runOnlyForDeploymentPostprocessing = 0;
		};
		BC490B3C202BEB4100F463F5 /* Resources */ = {
			isa = PBXResourcesBuildPhase;
			buildActionMask = 2147483647;
			files = (
			);
			runOnlyForDeploymentPostprocessing = 0;
		};
		BC490B47202BEB4100F463F5 /* Resources */ = {
			isa = PBXResourcesBuildPhase;
			buildActionMask = 2147483647;
			files = (
			);
			runOnlyForDeploymentPostprocessing = 0;
		};
/* End PBXResourcesBuildPhase section */

/* Begin PBXShellScriptBuildPhase section */
		0739631EB649D72D9E0331CA /* [CP] Copy Pods Resources */ = {
			isa = PBXShellScriptBuildPhase;
			buildActionMask = 2147483647;
			files = (
			);
			inputPaths = (
			);
			name = "[CP] Copy Pods Resources";
			outputPaths = (
			);
			runOnlyForDeploymentPostprocessing = 0;
			shellPath = /bin/sh;
			shellScript = "\"${SRCROOT}/Pods/Target Support Files/Pods-FaceDetectionDemoUITests/Pods-FaceDetectionDemoUITests-resources.sh\"\n";
			showEnvVarsInLog = 0;
		};
		1873D1E1571B689D90A286B0 /* [CP] Copy Pods Resources */ = {
			isa = PBXShellScriptBuildPhase;
			buildActionMask = 2147483647;
			files = (
			);
			inputPaths = (
			);
			name = "[CP] Copy Pods Resources";
			outputPaths = (
			);
			runOnlyForDeploymentPostprocessing = 0;
			shellPath = /bin/sh;
			shellScript = "\"${SRCROOT}/Pods/Target Support Files/Pods-FaceDetectionDemo/Pods-FaceDetectionDemo-resources.sh\"\n";
			showEnvVarsInLog = 0;
		};
		192560B6211800FBD4E8262D /* [CP] Embed Pods Frameworks */ = {
			isa = PBXShellScriptBuildPhase;
			buildActionMask = 2147483647;
			files = (
			);
			inputPaths = (
			);
			name = "[CP] Embed Pods Frameworks";
			outputPaths = (
			);
			runOnlyForDeploymentPostprocessing = 0;
			shellPath = /bin/sh;
			shellScript = "\"${SRCROOT}/Pods/Target Support Files/Pods-FaceDetectionDemoUITests/Pods-FaceDetectionDemoUITests-frameworks.sh\"\n";
			showEnvVarsInLog = 0;
		};
		2D4A05C45C1D21C4BCF90CBB /* [CP] Check Pods Manifest.lock */ = {
			isa = PBXShellScriptBuildPhase;
			buildActionMask = 2147483647;
			files = (
			);
			inputPaths = (
				"${PODS_PODFILE_DIR_PATH}/Podfile.lock",
				"${PODS_ROOT}/Manifest.lock",
			);
			name = "[CP] Check Pods Manifest.lock";
			outputPaths = (
				"$(DERIVED_FILE_DIR)/Pods-FaceDetectionDemoUITests-checkManifestLockResult.txt",
			);
			runOnlyForDeploymentPostprocessing = 0;
			shellPath = /bin/sh;
			shellScript = "diff \"${PODS_PODFILE_DIR_PATH}/Podfile.lock\" \"${PODS_ROOT}/Manifest.lock\" > /dev/null\nif [ $? != 0 ] ; then\n    # print error to STDERR\n    echo \"error: The sandbox is not in sync with the Podfile.lock. Run 'pod install' or update your CocoaPods installation.\" >&2\n    exit 1\nfi\n# This output is used by Xcode 'outputs' to avoid re-running this script phase.\necho \"SUCCESS\" > \"${SCRIPT_OUTPUT_FILE_0}\"\n";
			showEnvVarsInLog = 0;
		};
		3A80528A7734D4B8A70D54A3 /* [CP] Check Pods Manifest.lock */ = {
			isa = PBXShellScriptBuildPhase;
			buildActionMask = 2147483647;
			files = (
			);
			inputPaths = (
				"${PODS_PODFILE_DIR_PATH}/Podfile.lock",
				"${PODS_ROOT}/Manifest.lock",
			);
			name = "[CP] Check Pods Manifest.lock";
			outputPaths = (
				"$(DERIVED_FILE_DIR)/Pods-FaceDetectionDemoTests-checkManifestLockResult.txt",
			);
			runOnlyForDeploymentPostprocessing = 0;
			shellPath = /bin/sh;
			shellScript = "diff \"${PODS_PODFILE_DIR_PATH}/Podfile.lock\" \"${PODS_ROOT}/Manifest.lock\" > /dev/null\nif [ $? != 0 ] ; then\n    # print error to STDERR\n    echo \"error: The sandbox is not in sync with the Podfile.lock. Run 'pod install' or update your CocoaPods installation.\" >&2\n    exit 1\nfi\n# This output is used by Xcode 'outputs' to avoid re-running this script phase.\necho \"SUCCESS\" > \"${SCRIPT_OUTPUT_FILE_0}\"\n";
			showEnvVarsInLog = 0;
		};
		9FEE2E0D8F82AC1B1743BD7E /* [CP] Embed Pods Frameworks */ = {
			isa = PBXShellScriptBuildPhase;
			buildActionMask = 2147483647;
			files = (
			);
			inputPaths = (
			);
			name = "[CP] Embed Pods Frameworks";
			outputPaths = (
			);
			runOnlyForDeploymentPostprocessing = 0;
			shellPath = /bin/sh;
			shellScript = "\"${SRCROOT}/Pods/Target Support Files/Pods-FaceDetectionDemoTests/Pods-FaceDetectionDemoTests-frameworks.sh\"\n";
			showEnvVarsInLog = 0;
		};
		CDD1311B9678CE91BC227C0C /* [CP] Embed Pods Frameworks */ = {
			isa = PBXShellScriptBuildPhase;
			buildActionMask = 2147483647;
			files = (
			);
			inputPaths = (
			);
			name = "[CP] Embed Pods Frameworks";
			outputPaths = (
			);
			runOnlyForDeploymentPostprocessing = 0;
			shellPath = /bin/sh;
			shellScript = "\"${SRCROOT}/Pods/Target Support Files/Pods-FaceDetectionDemo/Pods-FaceDetectionDemo-frameworks.sh\"\n";
			showEnvVarsInLog = 0;
		};
		E51AEE7EC3A601ED95F5D1D1 /* [CP] Check Pods Manifest.lock */ = {
			isa = PBXShellScriptBuildPhase;
			buildActionMask = 2147483647;
			files = (
			);
			inputPaths = (
				"${PODS_PODFILE_DIR_PATH}/Podfile.lock",
				"${PODS_ROOT}/Manifest.lock",
			);
			name = "[CP] Check Pods Manifest.lock";
			outputPaths = (
				"$(DERIVED_FILE_DIR)/Pods-FaceDetectionDemo-checkManifestLockResult.txt",
			);
			runOnlyForDeploymentPostprocessing = 0;
			shellPath = /bin/sh;
			shellScript = "diff \"${PODS_PODFILE_DIR_PATH}/Podfile.lock\" \"${PODS_ROOT}/Manifest.lock\" > /dev/null\nif [ $? != 0 ] ; then\n    # print error to STDERR\n    echo \"error: The sandbox is not in sync with the Podfile.lock. Run 'pod install' or update your CocoaPods installation.\" >&2\n    exit 1\nfi\n# This output is used by Xcode 'outputs' to avoid re-running this script phase.\necho \"SUCCESS\" > \"${SCRIPT_OUTPUT_FILE_0}\"\n";
			showEnvVarsInLog = 0;
		};
		EF5DAADC8A50477DDE1FF18E /* [CP] Copy Pods Resources */ = {
			isa = PBXShellScriptBuildPhase;
			buildActionMask = 2147483647;
			files = (
			);
			inputPaths = (
			);
			name = "[CP] Copy Pods Resources";
			outputPaths = (
			);
			runOnlyForDeploymentPostprocessing = 0;
			shellPath = /bin/sh;
			shellScript = "\"${SRCROOT}/Pods/Target Support Files/Pods-FaceDetectionDemoTests/Pods-FaceDetectionDemoTests-resources.sh\"\n";
			showEnvVarsInLog = 0;
		};
/* End PBXShellScriptBuildPhase section */

/* Begin PBXSourcesBuildPhase section */
		BC490B1F202BEB4000F463F5 /* Sources */ = {
			isa = PBXSourcesBuildPhase;
			buildActionMask = 2147483647;
			files = (
				BC0A694E202D704800A7815C /* BCTencentCloud.m in Sources */,
				BC490B31202BEB4000F463F5 /* FaceDetectionDemo.xcdatamodeld in Sources */,
				BC490B2B202BEB4000F463F5 /* ViewController.m in Sources */,
				BC0A6951202D70B600A7815C /* KYFaceCompare.m in Sources */,
				BC490B75202C095800F463F5 /* KYFaceViewController.m in Sources */,
				BC490B39202BEB4100F463F5 /* main.m in Sources */,
				BC0A6958202D75C500A7815C /* NSString+KYCustomMethod.m in Sources */,
				BC490B80202C1DC300F463F5 /* KYFaceAnimationView.m in Sources */,
				BC0A6955202D756700A7815C /* GTMBase64.m in Sources */,
				BC490B86202C4FA300F463F5 /* KYFaceDetectorErrorView.m in Sources */,
				BC490B28202BEB4000F463F5 /* AppDelegate.mm in Sources */,
			);
			runOnlyForDeploymentPostprocessing = 0;
		};
		BC490B3A202BEB4100F463F5 /* Sources */ = {
			isa = PBXSourcesBuildPhase;
			buildActionMask = 2147483647;
			files = (
				BC490B43202BEB4100F463F5 /* FaceDetectionDemoTests.m in Sources */,
			);
			runOnlyForDeploymentPostprocessing = 0;
		};
		BC490B45202BEB4100F463F5 /* Sources */ = {
			isa = PBXSourcesBuildPhase;
			buildActionMask = 2147483647;
			files = (
				BC490B4E202BEB4100F463F5 /* FaceDetectionDemoUITests.m in Sources */,
			);
			runOnlyForDeploymentPostprocessing = 0;
		};
/* End PBXSourcesBuildPhase section */

/* Begin PBXTargetDependency section */
		BC490B40202BEB4100F463F5 /* PBXTargetDependency */ = {
			isa = PBXTargetDependency;
			target = BC490B22202BEB4000F463F5 /* FaceDetectionDemo */;
			targetProxy = BC490B3F202BEB4100F463F5 /* PBXContainerItemProxy */;
		};
		BC490B4B202BEB4100F463F5 /* PBXTargetDependency */ = {
			isa = PBXTargetDependency;
			target = BC490B22202BEB4000F463F5 /* FaceDetectionDemo */;
			targetProxy = BC490B4A202BEB4100F463F5 /* PBXContainerItemProxy */;
		};
/* End PBXTargetDependency section */

/* Begin PBXVariantGroup section */
		BC490B2C202BEB4000F463F5 /* Main.storyboard */ = {
			isa = PBXVariantGroup;
			children = (
				BC490B2D202BEB4000F463F5 /* Base */,
			);
			name = Main.storyboard;
			sourceTree = "<group>";
		};
		BC490B34202BEB4000F463F5 /* LaunchScreen.storyboard */ = {
			isa = PBXVariantGroup;
			children = (
				BC490B35202BEB4000F463F5 /* Base */,
			);
			name = LaunchScreen.storyboard;
			sourceTree = "<group>";
		};
/* End PBXVariantGroup section */

/* Begin XCBuildConfiguration section */
		BC490B50202BEB4100F463F5 /* Debug */ = {
			isa = XCBuildConfiguration;
			buildSettings = {
				ALWAYS_SEARCH_USER_PATHS = NO;
				CLANG_ANALYZER_NONNULL = YES;
				CLANG_ANALYZER_NUMBER_OBJECT_CONVERSION = YES_AGGRESSIVE;
				CLANG_CXX_LANGUAGE_STANDARD = "gnu++14";
				CLANG_CXX_LIBRARY = "libc++";
				CLANG_ENABLE_MODULES = YES;
				CLANG_ENABLE_OBJC_ARC = YES;
				CLANG_WARN_BLOCK_CAPTURE_AUTORELEASING = YES;
				CLANG_WARN_BOOL_CONVERSION = YES;
				CLANG_WARN_COMMA = YES;
				CLANG_WARN_CONSTANT_CONVERSION = YES;
				CLANG_WARN_DIRECT_OBJC_ISA_USAGE = YES_ERROR;
				CLANG_WARN_DOCUMENTATION_COMMENTS = YES;
				CLANG_WARN_EMPTY_BODY = YES;
				CLANG_WARN_ENUM_CONVERSION = YES;
				CLANG_WARN_INFINITE_RECURSION = YES;
				CLANG_WARN_INT_CONVERSION = YES;
				CLANG_WARN_NON_LITERAL_NULL_CONVERSION = YES;
				CLANG_WARN_OBJC_LITERAL_CONVERSION = YES;
				CLANG_WARN_OBJC_ROOT_CLASS = YES_ERROR;
				CLANG_WARN_RANGE_LOOP_ANALYSIS = YES;
				CLANG_WARN_STRICT_PROTOTYPES = YES;
				CLANG_WARN_SUSPICIOUS_MOVE = YES;
				CLANG_WARN_UNGUARDED_AVAILABILITY = YES_AGGRESSIVE;
				CLANG_WARN_UNREACHABLE_CODE = YES;
				CLANG_WARN__DUPLICATE_METHOD_MATCH = YES;
				CODE_SIGN_IDENTITY = "iPhone Developer";
				COPY_PHASE_STRIP = NO;
				DEBUG_INFORMATION_FORMAT = dwarf;
				ENABLE_STRICT_OBJC_MSGSEND = YES;
				ENABLE_TESTABILITY = YES;
				GCC_C_LANGUAGE_STANDARD = gnu11;
				GCC_DYNAMIC_NO_PIC = NO;
				GCC_NO_COMMON_BLOCKS = YES;
				GCC_OPTIMIZATION_LEVEL = 0;
				GCC_PREPROCESSOR_DEFINITIONS = (
					"DEBUG=1",
					"$(inherited)",
				);
				GCC_WARN_64_TO_32_BIT_CONVERSION = YES;
				GCC_WARN_ABOUT_RETURN_TYPE = YES_ERROR;
				GCC_WARN_UNDECLARED_SELECTOR = YES;
				GCC_WARN_UNINITIALIZED_AUTOS = YES_AGGRESSIVE;
				GCC_WARN_UNUSED_FUNCTION = YES;
				GCC_WARN_UNUSED_VARIABLE = YES;
				IPHONEOS_DEPLOYMENT_TARGET = 11.2;
				MTL_ENABLE_DEBUG_INFO = YES;
				ONLY_ACTIVE_ARCH = YES;
				SDKROOT = iphoneos;
			};
			name = Debug;
		};
		BC490B51202BEB4100F463F5 /* Release */ = {
			isa = XCBuildConfiguration;
			buildSettings = {
				ALWAYS_SEARCH_USER_PATHS = NO;
				CLANG_ANALYZER_NONNULL = YES;
				CLANG_ANALYZER_NUMBER_OBJECT_CONVERSION = YES_AGGRESSIVE;
				CLANG_CXX_LANGUAGE_STANDARD = "gnu++14";
				CLANG_CXX_LIBRARY = "libc++";
				CLANG_ENABLE_MODULES = YES;
				CLANG_ENABLE_OBJC_ARC = YES;
				CLANG_WARN_BLOCK_CAPTURE_AUTORELEASING = YES;
				CLANG_WARN_BOOL_CONVERSION = YES;
				CLANG_WARN_COMMA = YES;
				CLANG_WARN_CONSTANT_CONVERSION = YES;
				CLANG_WARN_DIRECT_OBJC_ISA_USAGE = YES_ERROR;
				CLANG_WARN_DOCUMENTATION_COMMENTS = YES;
				CLANG_WARN_EMPTY_BODY = YES;
				CLANG_WARN_ENUM_CONVERSION = YES;
				CLANG_WARN_INFINITE_RECURSION = YES;
				CLANG_WARN_INT_CONVERSION = YES;
				CLANG_WARN_NON_LITERAL_NULL_CONVERSION = YES;
				CLANG_WARN_OBJC_LITERAL_CONVERSION = YES;
				CLANG_WARN_OBJC_ROOT_CLASS = YES_ERROR;
				CLANG_WARN_RANGE_LOOP_ANALYSIS = YES;
				CLANG_WARN_STRICT_PROTOTYPES = YES;
				CLANG_WARN_SUSPICIOUS_MOVE = YES;
				CLANG_WARN_UNGUARDED_AVAILABILITY = YES_AGGRESSIVE;
				CLANG_WARN_UNREACHABLE_CODE = YES;
				CLANG_WARN__DUPLICATE_METHOD_MATCH = YES;
				CODE_SIGN_IDENTITY = "iPhone Developer";
				COPY_PHASE_STRIP = NO;
				DEBUG_INFORMATION_FORMAT = "dwarf-with-dsym";
				ENABLE_NS_ASSERTIONS = NO;
				ENABLE_STRICT_OBJC_MSGSEND = YES;
				GCC_C_LANGUAGE_STANDARD = gnu11;
				GCC_NO_COMMON_BLOCKS = YES;
				GCC_WARN_64_TO_32_BIT_CONVERSION = YES;
				GCC_WARN_ABOUT_RETURN_TYPE = YES_ERROR;
				GCC_WARN_UNDECLARED_SELECTOR = YES;
				GCC_WARN_UNINITIALIZED_AUTOS = YES_AGGRESSIVE;
				GCC_WARN_UNUSED_FUNCTION = YES;
				GCC_WARN_UNUSED_VARIABLE = YES;
				IPHONEOS_DEPLOYMENT_TARGET = 11.2;
				MTL_ENABLE_DEBUG_INFO = NO;
				SDKROOT = iphoneos;
				VALIDATE_PRODUCT = YES;
			};
			name = Release;
		};
		BC490B53202BEB4100F463F5 /* Debug */ = {
			isa = XCBuildConfiguration;
			baseConfigurationReference = 0B998D34933067B0ECD78B08 /* Pods-FaceDetectionDemo.debug.xcconfig */;
			buildSettings = {
				ASSETCATALOG_COMPILER_APPICON_NAME = AppIcon;
				CODE_SIGN_STYLE = Automatic;
				DEVELOPMENT_TEAM = KE5MJRYE2S;
				ENABLE_BITCODE = NO;
				FRAMEWORK_SEARCH_PATHS = (
					"$(inherited)",
					"$(PROJECT_DIR)/FaceSDK",
				);
				INFOPLIST_FILE = FaceDetectionDemo/Info.plist;
				IPHONEOS_DEPLOYMENT_TARGET = 8;
				LD_RUNPATH_SEARCH_PATHS = "$(inherited) @executable_path/Frameworks";
				LIBRARY_SEARCH_PATHS = (
					"$(inherited)",
					"$(PROJECT_DIR)/FaceSDK",
				);
				PRODUCT_BUNDLE_IDENTIFIER = com.bc.FaceDetectionDemo;
				PRODUCT_NAME = "$(TARGET_NAME)";
				TARGETED_DEVICE_FAMILY = "1,2";
			};
			name = Debug;
		};
		BC490B54202BEB4100F463F5 /* Release */ = {
			isa = XCBuildConfiguration;
			baseConfigurationReference = F56FD5D055D63ACFC1E74EC5 /* Pods-FaceDetectionDemo.release.xcconfig */;
			buildSettings = {
				ASSETCATALOG_COMPILER_APPICON_NAME = AppIcon;
				CODE_SIGN_STYLE = Automatic;
				DEVELOPMENT_TEAM = KE5MJRYE2S;
				ENABLE_BITCODE = NO;
				FRAMEWORK_SEARCH_PATHS = (
					"$(inherited)",
					"$(PROJECT_DIR)/FaceSDK",
				);
				INFOPLIST_FILE = FaceDetectionDemo/Info.plist;
				IPHONEOS_DEPLOYMENT_TARGET = 8;
				LD_RUNPATH_SEARCH_PATHS = "$(inherited) @executable_path/Frameworks";
				LIBRARY_SEARCH_PATHS = (
					"$(inherited)",
					"$(PROJECT_DIR)/FaceSDK",
				);
				PRODUCT_BUNDLE_IDENTIFIER = com.bc.FaceDetectionDemo;
				PRODUCT_NAME = "$(TARGET_NAME)";
				TARGETED_DEVICE_FAMILY = "1,2";
			};
			name = Release;
		};
		BC490B56202BEB4100F463F5 /* Debug */ = {
			isa = XCBuildConfiguration;
			baseConfigurationReference = 36A2C86F90B8D22170D6AA55 /* Pods-FaceDetectionDemoTests.debug.xcconfig */;
			buildSettings = {
				BUNDLE_LOADER = "$(TEST_HOST)";
				CODE_SIGN_STYLE = Automatic;
				DEVELOPMENT_TEAM = KE5MJRYE2S;
				INFOPLIST_FILE = FaceDetectionDemoTests/Info.plist;
				LD_RUNPATH_SEARCH_PATHS = "$(inherited) @executable_path/Frameworks @loader_path/Frameworks";
				PRODUCT_BUNDLE_IDENTIFIER = com.bc.FaceDetectionDemoTests;
				PRODUCT_NAME = "$(TARGET_NAME)";
				TARGETED_DEVICE_FAMILY = "1,2";
				TEST_HOST = "$(BUILT_PRODUCTS_DIR)/FaceDetectionDemo.app/FaceDetectionDemo";
			};
			name = Debug;
		};
		BC490B57202BEB4100F463F5 /* Release */ = {
			isa = XCBuildConfiguration;
			baseConfigurationReference = 6D21BF88C56E6B64C35C3B86 /* Pods-FaceDetectionDemoTests.release.xcconfig */;
			buildSettings = {
				BUNDLE_LOADER = "$(TEST_HOST)";
				CODE_SIGN_STYLE = Automatic;
				DEVELOPMENT_TEAM = KE5MJRYE2S;
				INFOPLIST_FILE = FaceDetectionDemoTests/Info.plist;
				LD_RUNPATH_SEARCH_PATHS = "$(inherited) @executable_path/Frameworks @loader_path/Frameworks";
				PRODUCT_BUNDLE_IDENTIFIER = com.bc.FaceDetectionDemoTests;
				PRODUCT_NAME = "$(TARGET_NAME)";
				TARGETED_DEVICE_FAMILY = "1,2";
				TEST_HOST = "$(BUILT_PRODUCTS_DIR)/FaceDetectionDemo.app/FaceDetectionDemo";
			};
			name = Release;
		};
		BC490B59202BEB4100F463F5 /* Debug */ = {
			isa = XCBuildConfiguration;
			baseConfigurationReference = DC897D11F88C52D00D61C472 /* Pods-FaceDetectionDemoUITests.debug.xcconfig */;
			buildSettings = {
				CODE_SIGN_STYLE = Automatic;
				DEVELOPMENT_TEAM = KE5MJRYE2S;
				INFOPLIST_FILE = FaceDetectionDemoUITests/Info.plist;
				LD_RUNPATH_SEARCH_PATHS = "$(inherited) @executable_path/Frameworks @loader_path/Frameworks";
				PRODUCT_BUNDLE_IDENTIFIER = com.bc.FaceDetectionDemoUITests;
				PRODUCT_NAME = "$(TARGET_NAME)";
				TARGETED_DEVICE_FAMILY = "1,2";
				TEST_TARGET_NAME = FaceDetectionDemo;
			};
			name = Debug;
		};
		BC490B5A202BEB4100F463F5 /* Release */ = {
			isa = XCBuildConfiguration;
			baseConfigurationReference = 3C9B324AB387870028C1BFF3 /* Pods-FaceDetectionDemoUITests.release.xcconfig */;
			buildSettings = {
				CODE_SIGN_STYLE = Automatic;
				DEVELOPMENT_TEAM = KE5MJRYE2S;
				INFOPLIST_FILE = FaceDetectionDemoUITests/Info.plist;
				LD_RUNPATH_SEARCH_PATHS = "$(inherited) @executable_path/Frameworks @loader_path/Frameworks";
				PRODUCT_BUNDLE_IDENTIFIER = com.bc.FaceDetectionDemoUITests;
				PRODUCT_NAME = "$(TARGET_NAME)";
				TARGETED_DEVICE_FAMILY = "1,2";
				TEST_TARGET_NAME = FaceDetectionDemo;
			};
			name = Release;
		};
/* End XCBuildConfiguration section */

/* Begin XCConfigurationList section */
		BC490B1E202BEB4000F463F5 /* Build configuration list for PBXProject "FaceDetectionDemo" */ = {
			isa = XCConfigurationList;
			buildConfigurations = (
				BC490B50202BEB4100F463F5 /* Debug */,
				BC490B51202BEB4100F463F5 /* Release */,
			);
			defaultConfigurationIsVisible = 0;
			defaultConfigurationName = Release;
		};
		BC490B52202BEB4100F463F5 /* Build configuration list for PBXNativeTarget "FaceDetectionDemo" */ = {
			isa = XCConfigurationList;
			buildConfigurations = (
				BC490B53202BEB4100F463F5 /* Debug */,
				BC490B54202BEB4100F463F5 /* Release */,
			);
			defaultConfigurationIsVisible = 0;
			defaultConfigurationName = Release;
		};
		BC490B55202BEB4100F463F5 /* Build configuration list for PBXNativeTarget "FaceDetectionDemoTests" */ = {
			isa = XCConfigurationList;
			buildConfigurations = (
				BC490B56202BEB4100F463F5 /* Debug */,
				BC490B57202BEB4100F463F5 /* Release */,
			);
			defaultConfigurationIsVisible = 0;
			defaultConfigurationName = Release;
		};
		BC490B58202BEB4100F463F5 /* Build configuration list for PBXNativeTarget "FaceDetectionDemoUITests" */ = {
			isa = XCConfigurationList;
			buildConfigurations = (
				BC490B59202BEB4100F463F5 /* Debug */,
				BC490B5A202BEB4100F463F5 /* Release */,
			);
			defaultConfigurationIsVisible = 0;
			defaultConfigurationName = Release;
		};
/* End XCConfigurationList section */

/* Begin XCVersionGroup section */
		BC490B2F202BEB4000F463F5 /* FaceDetectionDemo.xcdatamodeld */ = {
			isa = XCVersionGroup;
			children = (
				BC490B30202BEB4000F463F5 /* FaceDetectionDemo.xcdatamodel */,
			);
			currentVersion = BC490B30202BEB4000F463F5 /* FaceDetectionDemo.xcdatamodel */;
			path = FaceDetectionDemo.xcdatamodeld;
			sourceTree = "<group>";
			versionGroupType = wrapper.xcdatamodel;
		};
/* End XCVersionGroup section */
	};
	rootObject = BC490B1B202BEB4000F463F5 /* Project object */;
}
